// !$*UTF8*$!
{
	archiveVersion = 1;
	classes = {
	};
	objectVersion = 46;
	objects = {

/* Begin PBXBuildFile section */
		04E3D9A3D5734E108C74F797 /* PTServletRequest.m in Sources */ = {isa = PBXBuildFile; fileRef = BA84924807D243909765A686 /* PTServletRequest.m */; };
		1972C91058E2430CB0060987 /* PTUnZipViewController.m in Sources */ = {isa = PBXBuildFile; fileRef = 4EC52C0365334351808C1146 /* PTUnZipViewController.m */; };
		1BD28B26234F4BB5A94C2939 /* MainViewController+TabMain.m in Sources */ = {isa = PBXBuildFile; fileRef = C1738444A7FE4D16A73905C7 /* MainViewController+TabMain.m */; };
		1D3623260D0F684500981E51 /* AppDelegate.m in Sources */ = {isa = PBXBuildFile; fileRef = 1D3623250D0F684500981E51 /* AppDelegate.m */; };
		1D60589B0D05DD56006BFB54 /* main.m in Sources */ = {isa = PBXBuildFile; fileRef = 29B97316FDCFA39411CA2CEA /* main.m */; };
		1E978AF86BEE4F6FBF858E7F /* browserImages.bundle in Resources */ = {isa = PBXBuildFile; fileRef = 6E54EA78D2EF43458556CD33 /* browserImages.bundle */; };
		2365A846BBB24152A4999549 /* BrowserViewController.m in Sources */ = {isa = PBXBuildFile; fileRef = 03F9B5645BE84B87BB49C646 /* BrowserViewController.m */; };
		288765FD0DF74451002DB57D /* CoreGraphics.framework in Frameworks */ = {isa = PBXBuildFile; fileRef = 288765FC0DF74451002DB57D /* CoreGraphics.framework */; };
		2E5AA0D0A03E47CC91802AF5 /* MoreBrowserViewController.m in Sources */ = {isa = PBXBuildFile; fileRef = 497442E516A64CEA98C75264 /* MoreBrowserViewController.m */; };
		301BF552109A68D80062928A /* libCordova.a in Frameworks */ = {isa = PBXBuildFile; fileRef = 301BF535109A57CC0062928A /* libCordova.a */; };
		302D95F114D2391D003F00A1 /* MainViewController.m in Sources */ = {isa = PBXBuildFile; fileRef = 302D95EF14D2391D003F00A1 /* MainViewController.m */; };
		302D95F214D2391D003F00A1 /* MainViewController.xib in Resources */ = {isa = PBXBuildFile; fileRef = 302D95F014D2391D003F00A1 /* MainViewController.xib */; };
		305D5FD1115AB8F900A74A75 /* MobileCoreServices.framework in Frameworks */ = {isa = PBXBuildFile; fileRef = 305D5FD0115AB8F900A74A75 /* MobileCoreServices.framework */; };
		32A3B1EA28F44EBBBD74EA5B /* PTBrowserContainer.m in Sources */ = {isa = PBXBuildFile; fileRef = BFC8FFDAD71A4635846BB9CE /* PTBrowserContainer.m */; };
		44BD0918DE64493A81CA4E83 /* KeyboardViewController.m in Sources */ = {isa = PBXBuildFile; fileRef = C165137472974607A2DB68A6 /* KeyboardViewController.m */; };
		4DC65AAE410E47FA9F5B2FB4 /* PTBrowser.m in Sources */ = {isa = PBXBuildFile; fileRef = 775FD446E7A94BF8B8DF5088 /* PTBrowser.m */; };
		52C56CA49C55432896984996 /* StorageViewController.m in Sources */ = {isa = PBXBuildFile; fileRef = 4CBD6FD69B1E45ECA072D868 /* StorageViewController.m */; };
		58BE2A0960C1469085061567 /* PTUnZipViewController.xib in Sources */ = {isa = PBXBuildFile; fileRef = 98ABFBA7B5E844BA8C50A5EF /* PTUnZipViewController.xib */; };
		5B1594DD16A7569C00FEF299 /* AssetsLibrary.framework in Frameworks */ = {isa = PBXBuildFile; fileRef = 5B1594DC16A7569C00FEF299 /* AssetsLibrary.framework */; };
		5C9F8E716F15416386294AF6 /* PTWindowPage.xib in Sources */ = {isa = PBXBuildFile; fileRef = 97B92A20172A43EBB5682722 /* PTWindowPage.xib */; };
		641ACC5D512C49D4B70F01C7 /* PTDB.m in Sources */ = {isa = PBXBuildFile; fileRef = 5AAAD1E93948433BA858C79F /* PTDB.m */; };
		6641847C1F8C42ACA54F528A /* SecondViewController.m in Sources */ = {isa = PBXBuildFile; fileRef = 07A00A4A64974924AC8FC1E0 /* SecondViewController.m */; };
		723BEB02B49D4DF9905D51B8 /* AppDelegate+TabMain.m in Sources */ = {isa = PBXBuildFile; fileRef = 54F732FA73F1451EB523BB59 /* AppDelegate+TabMain.m */; };
		832A99F0608E4777B005758D /* PTRequest.m in Sources */ = {isa = PBXBuildFile; fileRef = 508385259F2E4F9796A403B8 /* PTRequest.m */; };
		8471B586B6F74783ADE5C1EE /* CustomStorage.m in Sources */ = {isa = PBXBuildFile; fileRef = A9D3A70664DC4374B0E23B20 /* CustomStorage.m */; };
		84A9C2507B1947CBB1577261 /* PTWindowPage+Operation.m in Sources */ = {isa = PBXBuildFile; fileRef = 8DC45668DC4D4955A831321C /* PTWindowPage+Operation.m */; };
		8538D67A9ABF4734840E9718 /* PTGuideViewController.m in Sources */ = {isa = PBXBuildFile; fileRef = F63A2C48014A4E8AA7704256 /* PTGuideViewController.m */; };
		904487A842674DCDA6F17CD0 /* guideImage.bundle in Resources */ = {isa = PBXBuildFile; fileRef = A28DFC080C2C4C9FB9BBDAA2 /* guideImage.bundle */; };
		95379C101D4EEABE002503B7 /* PTComponentManager.m in Sources */ = {isa = PBXBuildFile; fileRef = 95379C0F1D4EEABE002503B7 /* PTComponentManager.m */; };
		95379C1A1D4F195D002503B7 /* PTDisplayComponentTableView.m in Sources */ = {isa = PBXBuildFile; fileRef = 95379C191D4F195D002503B7 /* PTDisplayComponentTableView.m */; };
		953CDD7D1D4AF8190081DE9A /* PTViewControllerBase.m in Sources */ = {isa = PBXBuildFile; fileRef = 953CDD7C1D4AF8190081DE9A /* PTViewControllerBase.m */; };
		95B88C0F1D5C31100012F2D5 /* PTGestureUnlockViewController.m in Sources */ = {isa = PBXBuildFile; fileRef = 95B88C0D1D5C31100012F2D5 /* PTGestureUnlockViewController.m */; };
		95B88C101D5C31100012F2D5 /* PTGestureUnlockViewController.xib in Resources */ = {isa = PBXBuildFile; fileRef = 95B88C0E1D5C31100012F2D5 /* PTGestureUnlockViewController.xib */; };
		95B88C5B1D5C3ADB0012F2D5 /* PTLoopComponent.m in Sources */ = {isa = PBXBuildFile; fileRef = 95B88C531D5C3ADB0012F2D5 /* PTLoopComponent.m */; };
		95B88C5C1D5C3ADB0012F2D5 /* PTMenuComponent.m in Sources */ = {isa = PBXBuildFile; fileRef = 95B88C561D5C3ADB0012F2D5 /* PTMenuComponent.m */; };
		95B88C5D1D5C3ADB0012F2D5 /* PTHomeViewController.m in Sources */ = {isa = PBXBuildFile; fileRef = 95B88C591D5C3ADB0012F2D5 /* PTHomeViewController.m */; };
		95B88C5E1D5C3ADB0012F2D5 /* PTHomeViewController.xib in Resources */ = {isa = PBXBuildFile; fileRef = 95B88C5A1D5C3ADB0012F2D5 /* PTHomeViewController.xib */; };
		95B88C651D5C3BD40012F2D5 /* PTLoginViewController.m in Sources */ = {isa = PBXBuildFile; fileRef = 95B88C631D5C3BD40012F2D5 /* PTLoginViewController.m */; };
		95B88C661D5C3BD40012F2D5 /* PTLoginViewController.xib in Resources */ = {isa = PBXBuildFile; fileRef = 95B88C641D5C3BD40012F2D5 /* PTLoginViewController.xib */; };
		95B88C6A1D5C3C3C0012F2D5 /* PTCustomerViewController.m in Sources */ = {isa = PBXBuildFile; fileRef = 95B88C681D5C3C3C0012F2D5 /* PTCustomerViewController.m */; };
		95B88C6B1D5C3C3C0012F2D5 /* PTCustomerViewController.xib in Resources */ = {isa = PBXBuildFile; fileRef = 95B88C691D5C3C3C0012F2D5 /* PTCustomerViewController.xib */; };
		95B88C6F1D5C3C4C0012F2D5 /* PTTrankViewController.m in Sources */ = {isa = PBXBuildFile; fileRef = 95B88C6D1D5C3C4C0012F2D5 /* PTTrankViewController.m */; };
		95B88C701D5C3C4C0012F2D5 /* PTTrankViewController.xib in Resources */ = {isa = PBXBuildFile; fileRef = 95B88C6E1D5C3C4C0012F2D5 /* PTTrankViewController.xib */; };
		95B88C741D5C3C5B0012F2D5 /* PTOtherViewController.m in Sources */ = {isa = PBXBuildFile; fileRef = 95B88C721D5C3C5B0012F2D5 /* PTOtherViewController.m */; };
		95B88C751D5C3C5B0012F2D5 /* PTOtherViewController.xib in Resources */ = {isa = PBXBuildFile; fileRef = 95B88C731D5C3C5B0012F2D5 /* PTOtherViewController.xib */; };
		95B88C8D1D5C3E8B0012F2D5 /* GestureVerifyViewController.m in Sources */ = {isa = PBXBuildFile; fileRef = 95B88C791D5C3E8B0012F2D5 /* GestureVerifyViewController.m */; };
		95B88C8E1D5C3E8B0012F2D5 /* GestureViewController.m in Sources */ = {isa = PBXBuildFile; fileRef = 95B88C7B1D5C3E8B0012F2D5 /* GestureViewController.m */; };
		95B88C8F1D5C3E8B0012F2D5 /* ViewController.m in Sources */ = {isa = PBXBuildFile; fileRef = 95B88C7D1D5C3E8B0012F2D5 /* ViewController.m */; };
		95B88C901D5C3E8B0012F2D5 /* PCCircle.m in Sources */ = {isa = PBXBuildFile; fileRef = 95B88C801D5C3E8B0012F2D5 /* PCCircle.m */; };
		95B88C911D5C3E8B0012F2D5 /* PCCircleView.m in Sources */ = {isa = PBXBuildFile; fileRef = 95B88C821D5C3E8B0012F2D5 /* PCCircleView.m */; };
		95B88C921D5C3E8B0012F2D5 /* PCCircleViewConst.m in Sources */ = {isa = PBXBuildFile; fileRef = 95B88C841D5C3E8B0012F2D5 /* PCCircleViewConst.m */; };
		95B88C931D5C3E8B0012F2D5 /* CALayer+Anim.m in Sources */ = {isa = PBXBuildFile; fileRef = 95B88C871D5C3E8B0012F2D5 /* CALayer+Anim.m */; };
		95B88C941D5C3E8B0012F2D5 /* PCCircleInfoView.m in Sources */ = {isa = PBXBuildFile; fileRef = 95B88C8A1D5C3E8B0012F2D5 /* PCCircleInfoView.m */; };
		95B88C951D5C3E8B0012F2D5 /* PCLockLabel.m in Sources */ = {isa = PBXBuildFile; fileRef = 95B88C8C1D5C3E8B0012F2D5 /* PCLockLabel.m */; };
		95B88CD01D5C4E210012F2D5 /* FMDatabase.m in Sources */ = {isa = PBXBuildFile; fileRef = 95B88CC51D5C4E210012F2D5 /* FMDatabase.m */; };
		95B88CD11D5C4E210012F2D5 /* FMDatabaseAdditions.m in Sources */ = {isa = PBXBuildFile; fileRef = 95B88CC71D5C4E210012F2D5 /* FMDatabaseAdditions.m */; };
		95B88CD21D5C4E210012F2D5 /* FMDatabasePool.m in Sources */ = {isa = PBXBuildFile; fileRef = 95B88CC91D5C4E210012F2D5 /* FMDatabasePool.m */; };
		95B88CD31D5C4E210012F2D5 /* FMDatabaseQueue.m in Sources */ = {isa = PBXBuildFile; fileRef = 95B88CCB1D5C4E210012F2D5 /* FMDatabaseQueue.m */; };
		95B88CD41D5C4E210012F2D5 /* FMResultSet.m in Sources */ = {isa = PBXBuildFile; fileRef = 95B88CCE1D5C4E210012F2D5 /* FMResultSet.m */; };
		95B88CD51D5C4E210012F2D5 /* Info.plist in Resources */ = {isa = PBXBuildFile; fileRef = 95B88CCF1D5C4E210012F2D5 /* Info.plist */; };
		95B88CE31D5C50CB0012F2D5 /* LKDB+Mapping.m in Sources */ = {isa = PBXBuildFile; fileRef = 95B88CDA1D5C50CB0012F2D5 /* LKDB+Mapping.m */; };
		95B88CE41D5C50CB0012F2D5 /* LKDBHelper.m in Sources */ = {isa = PBXBuildFile; fileRef = 95B88CDC1D5C50CB0012F2D5 /* LKDBHelper.m */; };
		95B88CE51D5C50CB0012F2D5 /* LKDBUtils.m in Sources */ = {isa = PBXBuildFile; fileRef = 95B88CDE1D5C50CB0012F2D5 /* LKDBUtils.m */; };
		95B88CE61D5C50CB0012F2D5 /* NSObject+LKDBHelper.m in Sources */ = {isa = PBXBuildFile; fileRef = 95B88CE01D5C50CB0012F2D5 /* NSObject+LKDBHelper.m */; };
		95B88CE71D5C50CC0012F2D5 /* NSObject+LKModel.m in Sources */ = {isa = PBXBuildFile; fileRef = 95B88CE21D5C50CB0012F2D5 /* NSObject+LKModel.m */; };
		95B88CF51D5C59190012F2D5 /* PTCustomersModel.m in Sources */ = {isa = PBXBuildFile; fileRef = 95B88CF41D5C59190012F2D5 /* PTCustomersModel.m */; };
		95EAD6781D47099D0034DE05 /* Images.xcassets in Resources */ = {isa = PBXBuildFile; fileRef = 95EAD6771D47099D0034DE05 /* Images.xcassets */; };
		AC35449ADBE04A47A93629C7 /* KeyboardViewController.xib in Sources */ = {isa = PBXBuildFile; fileRef = 4E5CA192C15F40AAA1499CDA /* KeyboardViewController.xib */; };
		B16677E718DF4E2F8E19D71F /* SecondViewController.xib in Sources */ = {isa = PBXBuildFile; fileRef = AA0CC4D602EB4774857BD691 /* SecondViewController.xib */; };
		DEB62A38903A4CA8939A0A4C /* StorageViewController.xib in Sources */ = {isa = PBXBuildFile; fileRef = 0AECBE2531E749B1BCAF165F /* StorageViewController.xib */; };
		E46814458EA246699C6C9434 /* PTWindowPage.m in Sources */ = {isa = PBXBuildFile; fileRef = AAF09253087F4667853356C4 /* PTWindowPage.m */; };
		E537D9F4E6D2467182C9695B /* PTGuideViewController.xib in Sources */ = {isa = PBXBuildFile; fileRef = F003CD73E34F406E86927A62 /* PTGuideViewController.xib */; };
		EB029EEA44A6483F8FB01C0E /* CDVLogger.m in Sources */ = {isa = PBXBuildFile; fileRef = 9F0482D2BE2B4A3EBBFD167F /* CDVLogger.m */; };
		EB3F265F0497460E91E461CB /* PTKeyboards.m in Sources */ = {isa = PBXBuildFile; fileRef = 43CE17A8735C4A33803660E8 /* PTKeyboards.m */; };
		F53EADCD1CC0C46B0062161C /* data.zip in Resources */ = {isa = PBXBuildFile; fileRef = F53EADAE1CC0C46B0062161C /* data.zip */; };
		F53EADE11CC0C46B0062161C /* README.md in Sources */ = {isa = PBXBuildFile; fileRef = F53EADC81CC0C46B0062161C /* README.md */; };
		F53EADE21CC0C46B0062161C /* PT.framework in Frameworks */ = {isa = PBXBuildFile; fileRef = F53EADCA1CC0C46B0062161C /* PT.framework */; };
		F53EADE31CC0C46B0062161C /* PTResources.bundle in Resources */ = {isa = PBXBuildFile; fileRef = F53EADCB1CC0C46B0062161C /* PTResources.bundle */; };
		F53EADE41CC0C46B0062161C /* Settings.bundle in Resources */ = {isa = PBXBuildFile; fileRef = F53EADCC1CC0C46B0062161C /* Settings.bundle */; };
		F53EADE61CC0C4860062161C /* PastryResources in Resources */ = {isa = PBXBuildFile; fileRef = F53EADE51CC0C4860062161C /* PastryResources */; };
		F56C8CEF1C9251A4007B6180 /* AdSupport.framework in Frameworks */ = {isa = PBXBuildFile; fileRef = F56C8CEE1C9251A4007B6180 /* AdSupport.framework */; };
		F56C8CF11C9251AD007B6180 /* CoreMedia.framework in Frameworks */ = {isa = PBXBuildFile; fileRef = F56C8CF01C9251AD007B6180 /* CoreMedia.framework */; };
		F56C8CF31C9251B4007B6180 /* CoreMotion.framework in Frameworks */ = {isa = PBXBuildFile; fileRef = F56C8CF21C9251B4007B6180 /* CoreMotion.framework */; };
		F56C8CF51C9251BB007B6180 /* AddressBook.framework in Frameworks */ = {isa = PBXBuildFile; fileRef = F56C8CF41C9251BB007B6180 /* AddressBook.framework */; };
		F56C8CF71C9251C5007B6180 /* Accelerate.framework in Frameworks */ = {isa = PBXBuildFile; fileRef = F56C8CF61C9251C5007B6180 /* Accelerate.framework */; };
		F56C8CF91C9251D0007B6180 /* CoreText.framework in Frameworks */ = {isa = PBXBuildFile; fileRef = F56C8CF81C9251D0007B6180 /* CoreText.framework */; };
		F56C8CFB1C9251D8007B6180 /* QuartzCore.framework in Frameworks */ = {isa = PBXBuildFile; fileRef = F56C8CFA1C9251D8007B6180 /* QuartzCore.framework */; };
		F56C8CFD1C9251DF007B6180 /* OpenGLES.framework in Frameworks */ = {isa = PBXBuildFile; fileRef = F56C8CFC1C9251DF007B6180 /* OpenGLES.framework */; };
		F56C8CFF1C9251E5007B6180 /* SystemConfiguration.framework in Frameworks */ = {isa = PBXBuildFile; fileRef = F56C8CFE1C9251E5007B6180 /* SystemConfiguration.framework */; };
		F56C8D011C9251EC007B6180 /* CFNetwork.framework in Frameworks */ = {isa = PBXBuildFile; fileRef = F56C8D001C9251EB007B6180 /* CFNetwork.framework */; };
		F56C8D031C9251F3007B6180 /* Security.framework in Frameworks */ = {isa = PBXBuildFile; fileRef = F56C8D021C9251F3007B6180 /* Security.framework */; };
		F56C8D051C9251F9007B6180 /* CoreData.framework in Frameworks */ = {isa = PBXBuildFile; fileRef = F56C8D041C9251F9007B6180 /* CoreData.framework */; };
		F56C8D071C925202007B6180 /* CoreLocation.framework in Frameworks */ = {isa = PBXBuildFile; fileRef = F56C8D061C925202007B6180 /* CoreLocation.framework */; };
		F56C8D091C925212007B6180 /* MessageUI.framework in Frameworks */ = {isa = PBXBuildFile; fileRef = F56C8D081C925212007B6180 /* MessageUI.framework */; };
		F56C8D0B1C92521D007B6180 /* CoreTelephony.framework in Frameworks */ = {isa = PBXBuildFile; fileRef = F56C8D0A1C92521D007B6180 /* CoreTelephony.framework */; };
		F56C8D0D1C925225007B6180 /* MapKit.framework in Frameworks */ = {isa = PBXBuildFile; fileRef = F56C8D0C1C925225007B6180 /* MapKit.framework */; };
		F56C8D0F1C92522E007B6180 /* AudioToolbox.framework in Frameworks */ = {isa = PBXBuildFile; fileRef = F56C8D0E1C92522E007B6180 /* AudioToolbox.framework */; };
		F56C8D111C925234007B6180 /* AVFoundation.framework in Frameworks */ = {isa = PBXBuildFile; fileRef = F56C8D101C925234007B6180 /* AVFoundation.framework */; };
		F56C8D131C92523C007B6180 /* ImageIO.framework in Frameworks */ = {isa = PBXBuildFile; fileRef = F56C8D121C92523C007B6180 /* ImageIO.framework */; };
		F56C8D151C92524C007B6180 /* Foundation.framework in Frameworks */ = {isa = PBXBuildFile; fileRef = F56C8D141C92524C007B6180 /* Foundation.framework */; };
		F56C8D171C92525F007B6180 /* UIKit.framework in Frameworks */ = {isa = PBXBuildFile; fileRef = F56C8D161C92525F007B6180 /* UIKit.framework */; };
		F56C8D191C925266007B6180 /* MediaPlayer.framework in Frameworks */ = {isa = PBXBuildFile; fileRef = F56C8D181C925266007B6180 /* MediaPlayer.framework */; };
		F56C8D1B1C92526F007B6180 /* libxml2.2.tbd in Frameworks */ = {isa = PBXBuildFile; fileRef = F56C8D1A1C92526F007B6180 /* libxml2.2.tbd */; };
		F56C8D1D1C925278007B6180 /* libz.tbd in Frameworks */ = {isa = PBXBuildFile; fileRef = F56C8D1C1C925277007B6180 /* libz.tbd */; };
		F56C8D1F1C92527F007B6180 /* libiconv.tbd in Frameworks */ = {isa = PBXBuildFile; fileRef = F56C8D1E1C92527F007B6180 /* libiconv.tbd */; };
		F56C8D211C925288007B6180 /* libicucore.tbd in Frameworks */ = {isa = PBXBuildFile; fileRef = F56C8D201C925288007B6180 /* libicucore.tbd */; };
		F56C8D221C925296007B6180 /* libstdc++.tbd in Frameworks */ = {isa = PBXBuildFile; fileRef = F56C8CDF1C925143007B6180 /* libstdc++.tbd */; };
		F56C8D231C92529F007B6180 /* libsqlite3.0.tbd in Frameworks */ = {isa = PBXBuildFile; fileRef = F56C8CDD1C925138007B6180 /* libsqlite3.0.tbd */; };
/* End PBXBuildFile section */

/* Begin PBXContainerItemProxy section */
		301BF534109A57CC0062928A /* PBXContainerItemProxy */ = {
			isa = PBXContainerItemProxy;
			containerPortal = 301BF52D109A57CC0062928A /* CordovaLib.xcodeproj */;
			proxyType = 2;
			remoteGlobalIDString = D2AAC07E0554694100DB518D;
			remoteInfo = CordovaLib;
		};
		301BF550109A68C00062928A /* PBXContainerItemProxy */ = {
			isa = PBXContainerItemProxy;
			containerPortal = 301BF52D109A57CC0062928A /* CordovaLib.xcodeproj */;
			proxyType = 1;
			remoteGlobalIDString = D2AAC07D0554694100DB518D;
			remoteInfo = CordovaLib;
		};
/* End PBXContainerItemProxy section */

/* Begin PBXFileReference section */
		03F9B5645BE84B87BB49C646 /* BrowserViewController.m */ = {isa = PBXFileReference; explicitFileType = undefined; fileEncoding = 4; includeInIndex = 0; lastKnownFileType = sourcecode.c.objc; name = BrowserViewController.m; path = "pastry-plugin-browser/PTBrowser/UI/Demo/SingleBrowser/BrowserViewController.m"; sourceTree = "<group>"; };
		0782820AAE2B43E594665508 /* PTBrowserContainer.h */ = {isa = PBXFileReference; explicitFileType = undefined; fileEncoding = 4; includeInIndex = 0; lastKnownFileType = sourcecode.c.h; name = PTBrowserContainer.h; path = "pastry-plugin-browser/PTBrowser/UI/PTBrowserContainer.h"; sourceTree = "<group>"; };
		07A00A4A64974924AC8FC1E0 /* SecondViewController.m */ = {isa = PBXFileReference; explicitFileType = undefined; fileEncoding = 4; includeInIndex = 0; lastKnownFileType = sourcecode.c.objc; name = SecondViewController.m; path = "pastry-plugin-browser/PTBrowser/UI/Demo/MoreBrowser/SecondViewController.m"; sourceTree = "<group>"; };
		09635613866D4A05A7A3A882 /* PTUnZipViewController.h */ = {isa = PBXFileReference; explicitFileType = undefined; fileEncoding = 4; includeInIndex = 0; lastKnownFileType = sourcecode.c.h; name = PTUnZipViewController.h; path = "pastry-plugin-unzip/PTUnZipViewController.h"; sourceTree = "<group>"; };
		0AECBE2531E749B1BCAF165F /* StorageViewController.xib */ = {isa = PBXFileReference; explicitFileType = undefined; fileEncoding = 9; includeInIndex = 0; lastKnownFileType = file.xib; name = StorageViewController.xib; path = "pastry-plugin-storageDemo/StorageViewController.xib"; sourceTree = "<group>"; };
		13C9B68C9E1248B5B028D8AE /* SecondViewController.h */ = {isa = PBXFileReference; explicitFileType = undefined; fileEncoding = 4; includeInIndex = 0; lastKnownFileType = sourcecode.c.h; name = SecondViewController.h; path = "pastry-plugin-browser/PTBrowser/UI/Demo/MoreBrowser/SecondViewController.h"; sourceTree = "<group>"; };
		1BFDCC04F03145AA8F964747 /* PTBrowser.h */ = {isa = PBXFileReference; explicitFileType = undefined; fileEncoding = 4; includeInIndex = 0; lastKnownFileType = sourcecode.c.h; name = PTBrowser.h; path = "pastry-plugin-browser/PTBrowser/PTBrowser.h"; sourceTree = "<group>"; };
		1D3623240D0F684500981E51 /* AppDelegate.h */ = {isa = PBXFileReference; fileEncoding = 4; lastKnownFileType = sourcecode.c.h; path = AppDelegate.h; sourceTree = "<group>"; };
		1D3623250D0F684500981E51 /* AppDelegate.m */ = {isa = PBXFileReference; fileEncoding = 4; lastKnownFileType = sourcecode.c.objc; path = AppDelegate.m; sourceTree = "<group>"; };
		1D6058910D05DD3D006BFB54 /* CROP.app */ = {isa = PBXFileReference; explicitFileType = wrapper.application; includeInIndex = 0; path = CROP.app; sourceTree = BUILT_PRODUCTS_DIR; };
		288765FC0DF74451002DB57D /* CoreGraphics.framework */ = {isa = PBXFileReference; lastKnownFileType = wrapper.framework; name = CoreGraphics.framework; path = System/Library/Frameworks/CoreGraphics.framework; sourceTree = SDKROOT; };
		29B97316FDCFA39411CA2CEA /* main.m */ = {isa = PBXFileReference; fileEncoding = 4; lastKnownFileType = sourcecode.c.objc; path = main.m; sourceTree = "<group>"; };
		301BF52D109A57CC0062928A /* CordovaLib.xcodeproj */ = {isa = PBXFileReference; lastKnownFileType = "wrapper.pb-project"; name = CordovaLib.xcodeproj; path = CordovaLib/CordovaLib.xcodeproj; sourceTree = "<group>"; };
		301BF56E109A69640062928A /* www */ = {isa = PBXFileReference; lastKnownFileType = folder; path = www; sourceTree = SOURCE_ROOT; };
		302D95EE14D2391D003F00A1 /* MainViewController.h */ = {isa = PBXFileReference; fileEncoding = 4; lastKnownFileType = sourcecode.c.h; path = MainViewController.h; sourceTree = "<group>"; };
		302D95EF14D2391D003F00A1 /* MainViewController.m */ = {isa = PBXFileReference; fileEncoding = 4; lastKnownFileType = sourcecode.c.objc; path = MainViewController.m; sourceTree = "<group>"; };
		302D95F014D2391D003F00A1 /* MainViewController.xib */ = {isa = PBXFileReference; fileEncoding = 4; lastKnownFileType = file.xib; path = MainViewController.xib; sourceTree = "<group>"; };
		305D5FD0115AB8F900A74A75 /* MobileCoreServices.framework */ = {isa = PBXFileReference; lastKnownFileType = wrapper.framework; name = MobileCoreServices.framework; path = System/Library/Frameworks/MobileCoreServices.framework; sourceTree = SDKROOT; };
		32CA4F630368D1EE00C91783 /* CROP-Prefix.pch */ = {isa = PBXFileReference; fileEncoding = 4; lastKnownFileType = sourcecode.c.h; path = "CROP-Prefix.pch"; sourceTree = "<group>"; };
		37E25E6A298741BE8731D65D /* PTWindowPage.h */ = {isa = PBXFileReference; explicitFileType = undefined; fileEncoding = 4; includeInIndex = 0; lastKnownFileType = sourcecode.c.h; name = PTWindowPage.h; path = "pastry-plugin-browser/PTBrowser/UI/PTWindowPage.h"; sourceTree = "<group>"; };
		43CE17A8735C4A33803660E8 /* PTKeyboards.m */ = {isa = PBXFileReference; explicitFileType = undefined; fileEncoding = 4; includeInIndex = 0; lastKnownFileType = sourcecode.c.objc; name = PTKeyboards.m; path = "pastry-plugin-keyboard/PTKeyboards.m"; sourceTree = "<group>"; };
		497442E516A64CEA98C75264 /* MoreBrowserViewController.m */ = {isa = PBXFileReference; explicitFileType = undefined; fileEncoding = 4; includeInIndex = 0; lastKnownFileType = sourcecode.c.objc; name = MoreBrowserViewController.m; path = "pastry-plugin-browser/PTBrowser/UI/Demo/MoreBrowser/MoreBrowserViewController.m"; sourceTree = "<group>"; };
		4C3D4BF56CCE414095CA72E7 /* KeyboardViewController.h */ = {isa = PBXFileReference; explicitFileType = undefined; fileEncoding = 4; includeInIndex = 0; lastKnownFileType = sourcecode.c.h; name = KeyboardViewController.h; path = "pastry-plugin-keyboard/KeyboardViewController.h"; sourceTree = "<group>"; };
		4CBD6FD69B1E45ECA072D868 /* StorageViewController.m */ = {isa = PBXFileReference; explicitFileType = undefined; fileEncoding = 4; includeInIndex = 0; lastKnownFileType = sourcecode.c.objc; name = StorageViewController.m; path = "pastry-plugin-storageDemo/StorageViewController.m"; sourceTree = "<group>"; };
		4E5CA192C15F40AAA1499CDA /* KeyboardViewController.xib */ = {isa = PBXFileReference; explicitFileType = undefined; fileEncoding = 9; includeInIndex = 0; lastKnownFileType = file.xib; name = KeyboardViewController.xib; path = "pastry-plugin-keyboard/KeyboardViewController.xib"; sourceTree = "<group>"; };
		4EC52C0365334351808C1146 /* PTUnZipViewController.m */ = {isa = PBXFileReference; explicitFileType = undefined; fileEncoding = 4; includeInIndex = 0; lastKnownFileType = sourcecode.c.objc; name = PTUnZipViewController.m; path = "pastry-plugin-unzip/PTUnZipViewController.m"; sourceTree = "<group>"; };
		508385259F2E4F9796A403B8 /* PTRequest.m */ = {isa = PBXFileReference; explicitFileType = undefined; fileEncoding = 4; includeInIndex = 0; lastKnownFileType = sourcecode.c.objc; name = PTRequest.m; path = "pastry-plugin-request/PTRequest.m"; sourceTree = "<group>"; };
		518690E0D5824440B0A2D1E1 /* CDVLogger.h */ = {isa = PBXFileReference; explicitFileType = undefined; fileEncoding = 4; includeInIndex = 0; lastKnownFileType = sourcecode.c.h; name = CDVLogger.h; path = "cordova-plugin-console/CDVLogger.h"; sourceTree = "<group>"; };
		54F732FA73F1451EB523BB59 /* AppDelegate+TabMain.m */ = {isa = PBXFileReference; explicitFileType = undefined; fileEncoding = 4; includeInIndex = 0; lastKnownFileType = sourcecode.c.objc; name = "AppDelegate+TabMain.m"; path = "pastry-plugin-tabMain/AppDelegate+TabMain.m"; sourceTree = "<group>"; };
		5AAAD1E93948433BA858C79F /* PTDB.m */ = {isa = PBXFileReference; explicitFileType = undefined; fileEncoding = 4; includeInIndex = 0; lastKnownFileType = sourcecode.c.objc; name = PTDB.m; path = "pastry-plugin-DB/PTDB.m"; sourceTree = "<group>"; };
		5B1594DC16A7569C00FEF299 /* AssetsLibrary.framework */ = {isa = PBXFileReference; lastKnownFileType = wrapper.framework; name = AssetsLibrary.framework; path = System/Library/Frameworks/AssetsLibrary.framework; sourceTree = SDKROOT; };
		6532906406714FED96D93215 /* PTWindowPage+Operation.h */ = {isa = PBXFileReference; explicitFileType = undefined; fileEncoding = 4; includeInIndex = 0; lastKnownFileType = sourcecode.c.h; name = "PTWindowPage+Operation.h"; path = "pastry-plugin-browser/PTBrowser/UI/PTWindowPage+Operation.h"; sourceTree = "<group>"; };
		6E54EA78D2EF43458556CD33 /* browserImages.bundle */ = {isa = PBXFileReference; explicitFileType = undefined; fileEncoding = 9; includeInIndex = 0; lastKnownFileType = "wrapper.plug-in"; path = browserImages.bundle; sourceTree = "<group>"; };
		775FD446E7A94BF8B8DF5088 /* PTBrowser.m */ = {isa = PBXFileReference; explicitFileType = undefined; fileEncoding = 4; includeInIndex = 0; lastKnownFileType = sourcecode.c.objc; name = PTBrowser.m; path = "pastry-plugin-browser/PTBrowser/PTBrowser.m"; sourceTree = "<group>"; };
		81C010695C3B44DF9F9F64B5 /* PTKeyboards.h */ = {isa = PBXFileReference; explicitFileType = undefined; fileEncoding = 4; includeInIndex = 0; lastKnownFileType = sourcecode.c.h; name = PTKeyboards.h; path = "pastry-plugin-keyboard/PTKeyboards.h"; sourceTree = "<group>"; };
		85351AA85AE84CD9BB2E0AC5 /* PTRequest.h */ = {isa = PBXFileReference; explicitFileType = undefined; fileEncoding = 4; includeInIndex = 0; lastKnownFileType = sourcecode.c.h; name = PTRequest.h; path = "pastry-plugin-request/PTRequest.h"; sourceTree = "<group>"; };
		8D1107310486CEB800E47090 /* CROP-Info.plist */ = {isa = PBXFileReference; fileEncoding = 4; lastKnownFileType = text.plist.xml; name = "CROP-Info.plist"; path = "../CROP-Info.plist"; plistStructureDefinitionIdentifier = "com.apple.xcode.plist.structure-definition.iphone.info-plist"; sourceTree = "<group>"; };
		8DC45668DC4D4955A831321C /* PTWindowPage+Operation.m */ = {isa = PBXFileReference; explicitFileType = undefined; fileEncoding = 4; includeInIndex = 0; lastKnownFileType = sourcecode.c.objc; name = "PTWindowPage+Operation.m"; path = "pastry-plugin-browser/PTBrowser/UI/PTWindowPage+Operation.m"; sourceTree = "<group>"; };
		92D29347DA064BE58673843B /* PTGuideViewController.h */ = {isa = PBXFileReference; explicitFileType = undefined; fileEncoding = 4; includeInIndex = 0; lastKnownFileType = sourcecode.c.h; name = PTGuideViewController.h; path = "pastry-plugin-guide/PTGuideViewController.h"; sourceTree = "<group>"; };
		95379C0C1D4EEAB5002503B7 /* PTComponentInterface.h */ = {isa = PBXFileReference; lastKnownFileType = sourcecode.c.h; path = PTComponentInterface.h; sourceTree = "<group>"; };
		95379C0E1D4EEABE002503B7 /* PTComponentManager.h */ = {isa = PBXFileReference; fileEncoding = 4; lastKnownFileType = sourcecode.c.h; path = PTComponentManager.h; sourceTree = "<group>"; };
		95379C0F1D4EEABE002503B7 /* PTComponentManager.m */ = {isa = PBXFileReference; fileEncoding = 4; lastKnownFileType = sourcecode.c.objc; path = PTComponentManager.m; sourceTree = "<group>"; };
		95379C181D4F195D002503B7 /* PTDisplayComponentTableView.h */ = {isa = PBXFileReference; fileEncoding = 4; lastKnownFileType = sourcecode.c.h; path = PTDisplayComponentTableView.h; sourceTree = "<group>"; };
		95379C191D4F195D002503B7 /* PTDisplayComponentTableView.m */ = {isa = PBXFileReference; fileEncoding = 4; lastKnownFileType = sourcecode.c.objc; path = PTDisplayComponentTableView.m; sourceTree = "<group>"; };
		953B2B8CEDEC4A8E92F4A807 /* PTBrowserDelegate.h */ = {isa = PBXFileReference; explicitFileType = undefined; fileEncoding = 4; includeInIndex = 0; lastKnownFileType = sourcecode.c.h; name = PTBrowserDelegate.h; path = "pastry-plugin-browser/PTBrowser/PTBrowserDelegate.h"; sourceTree = "<group>"; };
		953CDD781D4AF8190081DE9A /* PTGuideInterface.h */ = {isa = PBXFileReference; fileEncoding = 4; lastKnownFileType = sourcecode.c.h; path = PTGuideInterface.h; sourceTree = "<group>"; };
		953CDD791D4AF8190081DE9A /* PTUnzipInterface.h */ = {isa = PBXFileReference; fileEncoding = 4; lastKnownFileType = sourcecode.c.h; path = PTUnzipInterface.h; sourceTree = "<group>"; };
		953CDD7B1D4AF8190081DE9A /* PTViewControllerBase.h */ = {isa = PBXFileReference; fileEncoding = 4; lastKnownFileType = sourcecode.c.h; path = PTViewControllerBase.h; sourceTree = "<group>"; };
		953CDD7C1D4AF8190081DE9A /* PTViewControllerBase.m */ = {isa = PBXFileReference; fileEncoding = 4; lastKnownFileType = sourcecode.c.objc; path = PTViewControllerBase.m; sourceTree = "<group>"; };
		95B88C0C1D5C31100012F2D5 /* PTGestureUnlockViewController.h */ = {isa = PBXFileReference; fileEncoding = 4; lastKnownFileType = sourcecode.c.h; path = PTGestureUnlockViewController.h; sourceTree = "<group>"; };
		95B88C0D1D5C31100012F2D5 /* PTGestureUnlockViewController.m */ = {isa = PBXFileReference; fileEncoding = 4; lastKnownFileType = sourcecode.c.objc; path = PTGestureUnlockViewController.m; sourceTree = "<group>"; };
		95B88C0E1D5C31100012F2D5 /* PTGestureUnlockViewController.xib */ = {isa = PBXFileReference; fileEncoding = 4; lastKnownFileType = file.xib; path = PTGestureUnlockViewController.xib; sourceTree = "<group>"; };
		95B88C521D5C3ADB0012F2D5 /* PTLoopComponent.h */ = {isa = PBXFileReference; fileEncoding = 4; lastKnownFileType = sourcecode.c.h; path = PTLoopComponent.h; sourceTree = "<group>"; };
		95B88C531D5C3ADB0012F2D5 /* PTLoopComponent.m */ = {isa = PBXFileReference; fileEncoding = 4; lastKnownFileType = sourcecode.c.objc; path = PTLoopComponent.m; sourceTree = "<group>"; };
		95B88C551D5C3ADB0012F2D5 /* PTMenuComponent.h */ = {isa = PBXFileReference; fileEncoding = 4; lastKnownFileType = sourcecode.c.h; path = PTMenuComponent.h; sourceTree = "<group>"; };
		95B88C561D5C3ADB0012F2D5 /* PTMenuComponent.m */ = {isa = PBXFileReference; fileEncoding = 4; lastKnownFileType = sourcecode.c.objc; path = PTMenuComponent.m; sourceTree = "<group>"; };
		95B88C581D5C3ADB0012F2D5 /* PTHomeViewController.h */ = {isa = PBXFileReference; fileEncoding = 4; lastKnownFileType = sourcecode.c.h; path = PTHomeViewController.h; sourceTree = "<group>"; };
		95B88C591D5C3ADB0012F2D5 /* PTHomeViewController.m */ = {isa = PBXFileReference; fileEncoding = 4; lastKnownFileType = sourcecode.c.objc; path = PTHomeViewController.m; sourceTree = "<group>"; };
		95B88C5A1D5C3ADB0012F2D5 /* PTHomeViewController.xib */ = {isa = PBXFileReference; fileEncoding = 4; lastKnownFileType = file.xib; path = PTHomeViewController.xib; sourceTree = "<group>"; };
		95B88C621D5C3BD40012F2D5 /* PTLoginViewController.h */ = {isa = PBXFileReference; fileEncoding = 4; lastKnownFileType = sourcecode.c.h; path = PTLoginViewController.h; sourceTree = "<group>"; };
		95B88C631D5C3BD40012F2D5 /* PTLoginViewController.m */ = {isa = PBXFileReference; fileEncoding = 4; lastKnownFileType = sourcecode.c.objc; path = PTLoginViewController.m; sourceTree = "<group>"; };
		95B88C641D5C3BD40012F2D5 /* PTLoginViewController.xib */ = {isa = PBXFileReference; fileEncoding = 4; lastKnownFileType = file.xib; path = PTLoginViewController.xib; sourceTree = "<group>"; };
		95B88C671D5C3C3C0012F2D5 /* PTCustomerViewController.h */ = {isa = PBXFileReference; fileEncoding = 4; lastKnownFileType = sourcecode.c.h; path = PTCustomerViewController.h; sourceTree = "<group>"; };
		95B88C681D5C3C3C0012F2D5 /* PTCustomerViewController.m */ = {isa = PBXFileReference; fileEncoding = 4; lastKnownFileType = sourcecode.c.objc; path = PTCustomerViewController.m; sourceTree = "<group>"; };
		95B88C691D5C3C3C0012F2D5 /* PTCustomerViewController.xib */ = {isa = PBXFileReference; fileEncoding = 4; lastKnownFileType = file.xib; path = PTCustomerViewController.xib; sourceTree = "<group>"; };
		95B88C6C1D5C3C4C0012F2D5 /* PTTrankViewController.h */ = {isa = PBXFileReference; fileEncoding = 4; lastKnownFileType = sourcecode.c.h; path = PTTrankViewController.h; sourceTree = "<group>"; };
		95B88C6D1D5C3C4C0012F2D5 /* PTTrankViewController.m */ = {isa = PBXFileReference; fileEncoding = 4; lastKnownFileType = sourcecode.c.objc; path = PTTrankViewController.m; sourceTree = "<group>"; };
		95B88C6E1D5C3C4C0012F2D5 /* PTTrankViewController.xib */ = {isa = PBXFileReference; fileEncoding = 4; lastKnownFileType = file.xib; path = PTTrankViewController.xib; sourceTree = "<group>"; };
		95B88C711D5C3C5B0012F2D5 /* PTOtherViewController.h */ = {isa = PBXFileReference; fileEncoding = 4; lastKnownFileType = sourcecode.c.h; path = PTOtherViewController.h; sourceTree = "<group>"; };
		95B88C721D5C3C5B0012F2D5 /* PTOtherViewController.m */ = {isa = PBXFileReference; fileEncoding = 4; lastKnownFileType = sourcecode.c.objc; path = PTOtherViewController.m; sourceTree = "<group>"; };
		95B88C731D5C3C5B0012F2D5 /* PTOtherViewController.xib */ = {isa = PBXFileReference; fileEncoding = 4; lastKnownFileType = file.xib; path = PTOtherViewController.xib; sourceTree = "<group>"; };
		95B88C781D5C3E8B0012F2D5 /* GestureVerifyViewController.h */ = {isa = PBXFileReference; fileEncoding = 4; lastKnownFileType = sourcecode.c.h; path = GestureVerifyViewController.h; sourceTree = "<group>"; };
		95B88C791D5C3E8B0012F2D5 /* GestureVerifyViewController.m */ = {isa = PBXFileReference; fileEncoding = 4; lastKnownFileType = sourcecode.c.objc; path = GestureVerifyViewController.m; sourceTree = "<group>"; };
		95B88C7A1D5C3E8B0012F2D5 /* GestureViewController.h */ = {isa = PBXFileReference; fileEncoding = 4; lastKnownFileType = sourcecode.c.h; path = GestureViewController.h; sourceTree = "<group>"; };
		95B88C7B1D5C3E8B0012F2D5 /* GestureViewController.m */ = {isa = PBXFileReference; fileEncoding = 4; lastKnownFileType = sourcecode.c.objc; path = GestureViewController.m; sourceTree = "<group>"; };
		95B88C7C1D5C3E8B0012F2D5 /* ViewController.h */ = {isa = PBXFileReference; fileEncoding = 4; lastKnownFileType = sourcecode.c.h; path = ViewController.h; sourceTree = "<group>"; };
		95B88C7D1D5C3E8B0012F2D5 /* ViewController.m */ = {isa = PBXFileReference; fileEncoding = 4; lastKnownFileType = sourcecode.c.objc; path = ViewController.m; sourceTree = "<group>"; };
		95B88C7F1D5C3E8B0012F2D5 /* PCCircle.h */ = {isa = PBXFileReference; fileEncoding = 4; lastKnownFileType = sourcecode.c.h; path = PCCircle.h; sourceTree = "<group>"; };
		95B88C801D5C3E8B0012F2D5 /* PCCircle.m */ = {isa = PBXFileReference; fileEncoding = 4; lastKnownFileType = sourcecode.c.objc; path = PCCircle.m; sourceTree = "<group>"; };
		95B88C811D5C3E8B0012F2D5 /* PCCircleView.h */ = {isa = PBXFileReference; fileEncoding = 4; lastKnownFileType = sourcecode.c.h; path = PCCircleView.h; sourceTree = "<group>"; };
		95B88C821D5C3E8B0012F2D5 /* PCCircleView.m */ = {isa = PBXFileReference; fileEncoding = 4; lastKnownFileType = sourcecode.c.objc; path = PCCircleView.m; sourceTree = "<group>"; };
		95B88C831D5C3E8B0012F2D5 /* PCCircleViewConst.h */ = {isa = PBXFileReference; fileEncoding = 4; lastKnownFileType = sourcecode.c.h; path = PCCircleViewConst.h; sourceTree = "<group>"; };
		95B88C841D5C3E8B0012F2D5 /* PCCircleViewConst.m */ = {isa = PBXFileReference; fileEncoding = 4; lastKnownFileType = sourcecode.c.objc; path = PCCircleViewConst.m; sourceTree = "<group>"; };
		95B88C861D5C3E8B0012F2D5 /* CALayer+Anim.h */ = {isa = PBXFileReference; fileEncoding = 4; lastKnownFileType = sourcecode.c.h; path = "CALayer+Anim.h"; sourceTree = "<group>"; };
		95B88C871D5C3E8B0012F2D5 /* CALayer+Anim.m */ = {isa = PBXFileReference; fileEncoding = 4; lastKnownFileType = sourcecode.c.objc; path = "CALayer+Anim.m"; sourceTree = "<group>"; };
		95B88C891D5C3E8B0012F2D5 /* PCCircleInfoView.h */ = {isa = PBXFileReference; fileEncoding = 4; lastKnownFileType = sourcecode.c.h; path = PCCircleInfoView.h; sourceTree = "<group>"; };
		95B88C8A1D5C3E8B0012F2D5 /* PCCircleInfoView.m */ = {isa = PBXFileReference; fileEncoding = 4; lastKnownFileType = sourcecode.c.objc; path = PCCircleInfoView.m; sourceTree = "<group>"; };
		95B88C8B1D5C3E8B0012F2D5 /* PCLockLabel.h */ = {isa = PBXFileReference; fileEncoding = 4; lastKnownFileType = sourcecode.c.h; path = PCLockLabel.h; sourceTree = "<group>"; };
		95B88C8C1D5C3E8B0012F2D5 /* PCLockLabel.m */ = {isa = PBXFileReference; fileEncoding = 4; lastKnownFileType = sourcecode.c.objc; path = PCLockLabel.m; sourceTree = "<group>"; };
		95B88CC41D5C4E210012F2D5 /* FMDatabase.h */ = {isa = PBXFileReference; fileEncoding = 4; lastKnownFileType = sourcecode.c.h; path = FMDatabase.h; sourceTree = "<group>"; };
		95B88CC51D5C4E210012F2D5 /* FMDatabase.m */ = {isa = PBXFileReference; fileEncoding = 4; lastKnownFileType = sourcecode.c.objc; path = FMDatabase.m; sourceTree = "<group>"; };
		95B88CC61D5C4E210012F2D5 /* FMDatabaseAdditions.h */ = {isa = PBXFileReference; fileEncoding = 4; lastKnownFileType = sourcecode.c.h; path = FMDatabaseAdditions.h; sourceTree = "<group>"; };
		95B88CC71D5C4E210012F2D5 /* FMDatabaseAdditions.m */ = {isa = PBXFileReference; fileEncoding = 4; lastKnownFileType = sourcecode.c.objc; path = FMDatabaseAdditions.m; sourceTree = "<group>"; };
		95B88CC81D5C4E210012F2D5 /* FMDatabasePool.h */ = {isa = PBXFileReference; fileEncoding = 4; lastKnownFileType = sourcecode.c.h; path = FMDatabasePool.h; sourceTree = "<group>"; };
		95B88CC91D5C4E210012F2D5 /* FMDatabasePool.m */ = {isa = PBXFileReference; fileEncoding = 4; lastKnownFileType = sourcecode.c.objc; path = FMDatabasePool.m; sourceTree = "<group>"; };
		95B88CCA1D5C4E210012F2D5 /* FMDatabaseQueue.h */ = {isa = PBXFileReference; fileEncoding = 4; lastKnownFileType = sourcecode.c.h; path = FMDatabaseQueue.h; sourceTree = "<group>"; };
		95B88CCB1D5C4E210012F2D5 /* FMDatabaseQueue.m */ = {isa = PBXFileReference; fileEncoding = 4; lastKnownFileType = sourcecode.c.objc; path = FMDatabaseQueue.m; sourceTree = "<group>"; };
		95B88CCC1D5C4E210012F2D5 /* FMDB.h */ = {isa = PBXFileReference; fileEncoding = 4; lastKnownFileType = sourcecode.c.h; path = FMDB.h; sourceTree = "<group>"; };
		95B88CCD1D5C4E210012F2D5 /* FMResultSet.h */ = {isa = PBXFileReference; fileEncoding = 4; lastKnownFileType = sourcecode.c.h; path = FMResultSet.h; sourceTree = "<group>"; };
		95B88CCE1D5C4E210012F2D5 /* FMResultSet.m */ = {isa = PBXFileReference; fileEncoding = 4; lastKnownFileType = sourcecode.c.objc; path = FMResultSet.m; sourceTree = "<group>"; };
		95B88CCF1D5C4E210012F2D5 /* Info.plist */ = {isa = PBXFileReference; fileEncoding = 4; lastKnownFileType = text.plist.xml; path = Info.plist; sourceTree = "<group>"; };
		95B88CD91D5C50CB0012F2D5 /* LKDB+Mapping.h */ = {isa = PBXFileReference; fileEncoding = 4; lastKnownFileType = sourcecode.c.h; path = "LKDB+Mapping.h"; sourceTree = "<group>"; };
		95B88CDA1D5C50CB0012F2D5 /* LKDB+Mapping.m */ = {isa = PBXFileReference; fileEncoding = 4; lastKnownFileType = sourcecode.c.objc; path = "LKDB+Mapping.m"; sourceTree = "<group>"; };
		95B88CDB1D5C50CB0012F2D5 /* LKDBHelper.h */ = {isa = PBXFileReference; fileEncoding = 4; lastKnownFileType = sourcecode.c.h; path = LKDBHelper.h; sourceTree = "<group>"; };
		95B88CDC1D5C50CB0012F2D5 /* LKDBHelper.m */ = {isa = PBXFileReference; fileEncoding = 4; lastKnownFileType = sourcecode.c.objc; path = LKDBHelper.m; sourceTree = "<group>"; };
		95B88CDD1D5C50CB0012F2D5 /* LKDBUtils.h */ = {isa = PBXFileReference; fileEncoding = 4; lastKnownFileType = sourcecode.c.h; path = LKDBUtils.h; sourceTree = "<group>"; };
		95B88CDE1D5C50CB0012F2D5 /* LKDBUtils.m */ = {isa = PBXFileReference; fileEncoding = 4; lastKnownFileType = sourcecode.c.objc; path = LKDBUtils.m; sourceTree = "<group>"; };
		95B88CDF1D5C50CB0012F2D5 /* NSObject+LKDBHelper.h */ = {isa = PBXFileReference; fileEncoding = 4; lastKnownFileType = sourcecode.c.h; path = "NSObject+LKDBHelper.h"; sourceTree = "<group>"; };
		95B88CE01D5C50CB0012F2D5 /* NSObject+LKDBHelper.m */ = {isa = PBXFileReference; fileEncoding = 4; lastKnownFileType = sourcecode.c.objc; path = "NSObject+LKDBHelper.m"; sourceTree = "<group>"; };
		95B88CE11D5C50CB0012F2D5 /* NSObject+LKModel.h */ = {isa = PBXFileReference; fileEncoding = 4; lastKnownFileType = sourcecode.c.h; path = "NSObject+LKModel.h"; sourceTree = "<group>"; };
		95B88CE21D5C50CB0012F2D5 /* NSObject+LKModel.m */ = {isa = PBXFileReference; fileEncoding = 4; lastKnownFileType = sourcecode.c.objc; path = "NSObject+LKModel.m"; sourceTree = "<group>"; };
		95B88CF31D5C59190012F2D5 /* PTCustomersModel.h */ = {isa = PBXFileReference; fileEncoding = 4; lastKnownFileType = sourcecode.c.h; path = PTCustomersModel.h; sourceTree = "<group>"; };
		95B88CF41D5C59190012F2D5 /* PTCustomersModel.m */ = {isa = PBXFileReference; fileEncoding = 4; lastKnownFileType = sourcecode.c.objc; path = PTCustomersModel.m; sourceTree = "<group>"; };
		95EAD6771D47099D0034DE05 /* Images.xcassets */ = {isa = PBXFileReference; lastKnownFileType = folder.assetcatalog; path = Images.xcassets; sourceTree = "<group>"; };
		97B92A20172A43EBB5682722 /* PTWindowPage.xib */ = {isa = PBXFileReference; explicitFileType = undefined; fileEncoding = 9; includeInIndex = 0; lastKnownFileType = file.xib; name = PTWindowPage.xib; path = "pastry-plugin-browser/PTBrowser/UI/PTWindowPage.xib"; sourceTree = "<group>"; };
		98ABFBA7B5E844BA8C50A5EF /* PTUnZipViewController.xib */ = {isa = PBXFileReference; explicitFileType = undefined; fileEncoding = 9; includeInIndex = 0; lastKnownFileType = file.xib; name = PTUnZipViewController.xib; path = "pastry-plugin-unzip/PTUnZipViewController.xib"; sourceTree = "<group>"; };
		9F0482D2BE2B4A3EBBFD167F /* CDVLogger.m */ = {isa = PBXFileReference; explicitFileType = undefined; fileEncoding = 4; includeInIndex = 0; lastKnownFileType = sourcecode.c.objc; name = CDVLogger.m; path = "cordova-plugin-console/CDVLogger.m"; sourceTree = "<group>"; };
		A28DFC080C2C4C9FB9BBDAA2 /* guideImage.bundle */ = {isa = PBXFileReference; explicitFileType = undefined; fileEncoding = 9; includeInIndex = 0; lastKnownFileType = "wrapper.plug-in"; path = guideImage.bundle; sourceTree = "<group>"; };
		A9D3A70664DC4374B0E23B20 /* CustomStorage.m */ = {isa = PBXFileReference; explicitFileType = undefined; fileEncoding = 4; includeInIndex = 0; lastKnownFileType = sourcecode.c.objc; name = CustomStorage.m; path = "pastry-plugin-storageDemo/CustomStorage.m"; sourceTree = "<group>"; };
		AA0CC4D602EB4774857BD691 /* SecondViewController.xib */ = {isa = PBXFileReference; explicitFileType = undefined; fileEncoding = 9; includeInIndex = 0; lastKnownFileType = file.xib; name = SecondViewController.xib; path = "pastry-plugin-browser/PTBrowser/UI/Demo/MoreBrowser/SecondViewController.xib"; sourceTree = "<group>"; };
		AAF09253087F4667853356C4 /* PTWindowPage.m */ = {isa = PBXFileReference; explicitFileType = undefined; fileEncoding = 4; includeInIndex = 0; lastKnownFileType = sourcecode.c.objc; name = PTWindowPage.m; path = "pastry-plugin-browser/PTBrowser/UI/PTWindowPage.m"; sourceTree = "<group>"; };
		B42394C2E5B54AB9A34405C2 /* AppDelegate+TabMain.h */ = {isa = PBXFileReference; explicitFileType = undefined; fileEncoding = 4; includeInIndex = 0; lastKnownFileType = sourcecode.c.h; name = "AppDelegate+TabMain.h"; path = "pastry-plugin-tabMain/AppDelegate+TabMain.h"; sourceTree = "<group>"; };
		BA84924807D243909765A686 /* PTServletRequest.m */ = {isa = PBXFileReference; explicitFileType = undefined; fileEncoding = 4; includeInIndex = 0; lastKnownFileType = sourcecode.c.objc; name = PTServletRequest.m; path = "pastry-plugin-request/PTServletRequest.m"; sourceTree = "<group>"; };
		BFC8FFDAD71A4635846BB9CE /* PTBrowserContainer.m */ = {isa = PBXFileReference; explicitFileType = undefined; fileEncoding = 4; includeInIndex = 0; lastKnownFileType = sourcecode.c.objc; name = PTBrowserContainer.m; path = "pastry-plugin-browser/PTBrowser/UI/PTBrowserContainer.m"; sourceTree = "<group>"; };
		BFE1330B450C4F4E8ADBFDF8 /* PTServletRequest.h */ = {isa = PBXFileReference; explicitFileType = undefined; fileEncoding = 4; includeInIndex = 0; lastKnownFileType = sourcecode.c.h; name = PTServletRequest.h; path = "pastry-plugin-request/PTServletRequest.h"; sourceTree = "<group>"; };
		C165137472974607A2DB68A6 /* KeyboardViewController.m */ = {isa = PBXFileReference; explicitFileType = undefined; fileEncoding = 4; includeInIndex = 0; lastKnownFileType = sourcecode.c.objc; name = KeyboardViewController.m; path = "pastry-plugin-keyboard/KeyboardViewController.m"; sourceTree = "<group>"; };
		C1738444A7FE4D16A73905C7 /* MainViewController+TabMain.m */ = {isa = PBXFileReference; explicitFileType = undefined; fileEncoding = 4; includeInIndex = 0; lastKnownFileType = sourcecode.c.objc; name = "MainViewController+TabMain.m"; path = "pastry-plugin-tabMain/MainViewController+TabMain.m"; sourceTree = "<group>"; };
		CB7D9348A1574E02BFADBB50 /* PTDB.h */ = {isa = PBXFileReference; explicitFileType = undefined; fileEncoding = 4; includeInIndex = 0; lastKnownFileType = sourcecode.c.h; name = PTDB.h; path = "pastry-plugin-DB/PTDB.h"; sourceTree = "<group>"; };
		DBFBD53159CE46C283B3620C /* StorageViewController.h */ = {isa = PBXFileReference; explicitFileType = undefined; fileEncoding = 4; includeInIndex = 0; lastKnownFileType = sourcecode.c.h; name = StorageViewController.h; path = "pastry-plugin-storageDemo/StorageViewController.h"; sourceTree = "<group>"; };
		E8A011863F324AE1AA01D684 /* MainViewController+TabMain.h */ = {isa = PBXFileReference; explicitFileType = undefined; fileEncoding = 4; includeInIndex = 0; lastKnownFileType = sourcecode.c.h; name = "MainViewController+TabMain.h"; path = "pastry-plugin-tabMain/MainViewController+TabMain.h"; sourceTree = "<group>"; };
		EE9BB5453F1D48B1942B2947 /* MoreBrowserViewController.h */ = {isa = PBXFileReference; explicitFileType = undefined; fileEncoding = 4; includeInIndex = 0; lastKnownFileType = sourcecode.c.h; name = MoreBrowserViewController.h; path = "pastry-plugin-browser/PTBrowser/UI/Demo/MoreBrowser/MoreBrowserViewController.h"; sourceTree = "<group>"; };
		EF4929997717403A999C52FD /* BrowserViewController.h */ = {isa = PBXFileReference; explicitFileType = undefined; fileEncoding = 4; includeInIndex = 0; lastKnownFileType = sourcecode.c.h; name = BrowserViewController.h; path = "pastry-plugin-browser/PTBrowser/UI/Demo/SingleBrowser/BrowserViewController.h"; sourceTree = "<group>"; };
		F003CD73E34F406E86927A62 /* PTGuideViewController.xib */ = {isa = PBXFileReference; explicitFileType = undefined; fileEncoding = 9; includeInIndex = 0; lastKnownFileType = file.xib; name = PTGuideViewController.xib; path = "pastry-plugin-guide/PTGuideViewController.xib"; sourceTree = "<group>"; };
		F53EADAE1CC0C46B0062161C /* data.zip */ = {isa = PBXFileReference; lastKnownFileType = archive.zip; path = data.zip; sourceTree = "<group>"; };
		F53EADC81CC0C46B0062161C /* README.md */ = {isa = PBXFileReference; fileEncoding = 4; lastKnownFileType = net.daringfireball.markdown; path = README.md; sourceTree = "<group>"; };
		F53EADCA1CC0C46B0062161C /* PT.framework */ = {isa = PBXFileReference; lastKnownFileType = wrapper.framework; path = PT.framework; sourceTree = "<group>"; };
		F53EADCB1CC0C46B0062161C /* PTResources.bundle */ = {isa = PBXFileReference; lastKnownFileType = "wrapper.plug-in"; path = PTResources.bundle; sourceTree = "<group>"; };
		F53EADCC1CC0C46B0062161C /* Settings.bundle */ = {isa = PBXFileReference; lastKnownFileType = "wrapper.plug-in"; path = Settings.bundle; sourceTree = "<group>"; };
		F53EADE51CC0C4860062161C /* PastryResources */ = {isa = PBXFileReference; lastKnownFileType = folder; path = PastryResources; sourceTree = "<group>"; };
		F56C8CDD1C925138007B6180 /* libsqlite3.0.tbd */ = {isa = PBXFileReference; lastKnownFileType = "sourcecode.text-based-dylib-definition"; name = libsqlite3.0.tbd; path = usr/lib/libsqlite3.0.tbd; sourceTree = SDKROOT; };
		F56C8CDF1C925143007B6180 /* libstdc++.tbd */ = {isa = PBXFileReference; lastKnownFileType = "sourcecode.text-based-dylib-definition"; name = "libstdc++.tbd"; path = "usr/lib/libstdc++.tbd"; sourceTree = SDKROOT; };
		F56C8CEE1C9251A4007B6180 /* AdSupport.framework */ = {isa = PBXFileReference; lastKnownFileType = wrapper.framework; name = AdSupport.framework; path = System/Library/Frameworks/AdSupport.framework; sourceTree = SDKROOT; };
		F56C8CF01C9251AD007B6180 /* CoreMedia.framework */ = {isa = PBXFileReference; lastKnownFileType = wrapper.framework; name = CoreMedia.framework; path = System/Library/Frameworks/CoreMedia.framework; sourceTree = SDKROOT; };
		F56C8CF21C9251B4007B6180 /* CoreMotion.framework */ = {isa = PBXFileReference; lastKnownFileType = wrapper.framework; name = CoreMotion.framework; path = System/Library/Frameworks/CoreMotion.framework; sourceTree = SDKROOT; };
		F56C8CF41C9251BB007B6180 /* AddressBook.framework */ = {isa = PBXFileReference; lastKnownFileType = wrapper.framework; name = AddressBook.framework; path = System/Library/Frameworks/AddressBook.framework; sourceTree = SDKROOT; };
		F56C8CF61C9251C5007B6180 /* Accelerate.framework */ = {isa = PBXFileReference; lastKnownFileType = wrapper.framework; name = Accelerate.framework; path = System/Library/Frameworks/Accelerate.framework; sourceTree = SDKROOT; };
		F56C8CF81C9251D0007B6180 /* CoreText.framework */ = {isa = PBXFileReference; lastKnownFileType = wrapper.framework; name = CoreText.framework; path = System/Library/Frameworks/CoreText.framework; sourceTree = SDKROOT; };
		F56C8CFA1C9251D8007B6180 /* QuartzCore.framework */ = {isa = PBXFileReference; lastKnownFileType = wrapper.framework; name = QuartzCore.framework; path = System/Library/Frameworks/QuartzCore.framework; sourceTree = SDKROOT; };
		F56C8CFC1C9251DF007B6180 /* OpenGLES.framework */ = {isa = PBXFileReference; lastKnownFileType = wrapper.framework; name = OpenGLES.framework; path = System/Library/Frameworks/OpenGLES.framework; sourceTree = SDKROOT; };
		F56C8CFE1C9251E5007B6180 /* SystemConfiguration.framework */ = {isa = PBXFileReference; lastKnownFileType = wrapper.framework; name = SystemConfiguration.framework; path = System/Library/Frameworks/SystemConfiguration.framework; sourceTree = SDKROOT; };
		F56C8D001C9251EB007B6180 /* CFNetwork.framework */ = {isa = PBXFileReference; lastKnownFileType = wrapper.framework; name = CFNetwork.framework; path = System/Library/Frameworks/CFNetwork.framework; sourceTree = SDKROOT; };
		F56C8D021C9251F3007B6180 /* Security.framework */ = {isa = PBXFileReference; lastKnownFileType = wrapper.framework; name = Security.framework; path = System/Library/Frameworks/Security.framework; sourceTree = SDKROOT; };
		F56C8D041C9251F9007B6180 /* CoreData.framework */ = {isa = PBXFileReference; lastKnownFileType = wrapper.framework; name = CoreData.framework; path = System/Library/Frameworks/CoreData.framework; sourceTree = SDKROOT; };
		F56C8D061C925202007B6180 /* CoreLocation.framework */ = {isa = PBXFileReference; lastKnownFileType = wrapper.framework; name = CoreLocation.framework; path = System/Library/Frameworks/CoreLocation.framework; sourceTree = SDKROOT; };
		F56C8D081C925212007B6180 /* MessageUI.framework */ = {isa = PBXFileReference; lastKnownFileType = wrapper.framework; name = MessageUI.framework; path = System/Library/Frameworks/MessageUI.framework; sourceTree = SDKROOT; };
		F56C8D0A1C92521D007B6180 /* CoreTelephony.framework */ = {isa = PBXFileReference; lastKnownFileType = wrapper.framework; name = CoreTelephony.framework; path = System/Library/Frameworks/CoreTelephony.framework; sourceTree = SDKROOT; };
		F56C8D0C1C925225007B6180 /* MapKit.framework */ = {isa = PBXFileReference; lastKnownFileType = wrapper.framework; name = MapKit.framework; path = System/Library/Frameworks/MapKit.framework; sourceTree = SDKROOT; };
		F56C8D0E1C92522E007B6180 /* AudioToolbox.framework */ = {isa = PBXFileReference; lastKnownFileType = wrapper.framework; name = AudioToolbox.framework; path = System/Library/Frameworks/AudioToolbox.framework; sourceTree = SDKROOT; };
		F56C8D101C925234007B6180 /* AVFoundation.framework */ = {isa = PBXFileReference; lastKnownFileType = wrapper.framework; name = AVFoundation.framework; path = System/Library/Frameworks/AVFoundation.framework; sourceTree = SDKROOT; };
		F56C8D121C92523C007B6180 /* ImageIO.framework */ = {isa = PBXFileReference; lastKnownFileType = wrapper.framework; name = ImageIO.framework; path = System/Library/Frameworks/ImageIO.framework; sourceTree = SDKROOT; };
		F56C8D141C92524C007B6180 /* Foundation.framework */ = {isa = PBXFileReference; lastKnownFileType = wrapper.framework; name = Foundation.framework; path = System/Library/Frameworks/Foundation.framework; sourceTree = SDKROOT; };
		F56C8D161C92525F007B6180 /* UIKit.framework */ = {isa = PBXFileReference; lastKnownFileType = wrapper.framework; name = UIKit.framework; path = System/Library/Frameworks/UIKit.framework; sourceTree = SDKROOT; };
		F56C8D181C925266007B6180 /* MediaPlayer.framework */ = {isa = PBXFileReference; lastKnownFileType = wrapper.framework; name = MediaPlayer.framework; path = System/Library/Frameworks/MediaPlayer.framework; sourceTree = SDKROOT; };
		F56C8D1A1C92526F007B6180 /* libxml2.2.tbd */ = {isa = PBXFileReference; lastKnownFileType = "sourcecode.text-based-dylib-definition"; name = libxml2.2.tbd; path = usr/lib/libxml2.2.tbd; sourceTree = SDKROOT; };
		F56C8D1C1C925277007B6180 /* libz.tbd */ = {isa = PBXFileReference; lastKnownFileType = "sourcecode.text-based-dylib-definition"; name = libz.tbd; path = usr/lib/libz.tbd; sourceTree = SDKROOT; };
		F56C8D1E1C92527F007B6180 /* libiconv.tbd */ = {isa = PBXFileReference; lastKnownFileType = "sourcecode.text-based-dylib-definition"; name = libiconv.tbd; path = usr/lib/libiconv.tbd; sourceTree = SDKROOT; };
		F56C8D201C925288007B6180 /* libicucore.tbd */ = {isa = PBXFileReference; lastKnownFileType = "sourcecode.text-based-dylib-definition"; name = libicucore.tbd; path = usr/lib/libicucore.tbd; sourceTree = SDKROOT; };
		F63A2C48014A4E8AA7704256 /* PTGuideViewController.m */ = {isa = PBXFileReference; explicitFileType = undefined; fileEncoding = 4; includeInIndex = 0; lastKnownFileType = sourcecode.c.objc; name = PTGuideViewController.m; path = "pastry-plugin-guide/PTGuideViewController.m"; sourceTree = "<group>"; };
		F79C9C3C135C4C9381AC0E1B /* CustomStorage.h */ = {isa = PBXFileReference; explicitFileType = undefined; fileEncoding = 4; includeInIndex = 0; lastKnownFileType = sourcecode.c.h; name = CustomStorage.h; path = "pastry-plugin-storageDemo/CustomStorage.h"; sourceTree = "<group>"; };
		F840E1F0165FE0F500CFE078 /* config.xml */ = {isa = PBXFileReference; lastKnownFileType = text.xml; name = config.xml; path = CROP/config.xml; sourceTree = "<group>"; };
/* End PBXFileReference section */

/* Begin PBXFrameworksBuildPhase section */
		1D60588F0D05DD3D006BFB54 /* Frameworks */ = {
			isa = PBXFrameworksBuildPhase;
			buildActionMask = 2147483647;
			files = (
				F53EADE21CC0C46B0062161C /* PT.framework in Frameworks */,
				F56C8D231C92529F007B6180 /* libsqlite3.0.tbd in Frameworks */,
				F56C8D221C925296007B6180 /* libstdc++.tbd in Frameworks */,
				F56C8D211C925288007B6180 /* libicucore.tbd in Frameworks */,
				F56C8D1F1C92527F007B6180 /* libiconv.tbd in Frameworks */,
				F56C8D1D1C925278007B6180 /* libz.tbd in Frameworks */,
				F56C8D1B1C92526F007B6180 /* libxml2.2.tbd in Frameworks */,
				F56C8D191C925266007B6180 /* MediaPlayer.framework in Frameworks */,
				F56C8D171C92525F007B6180 /* UIKit.framework in Frameworks */,
				F56C8D151C92524C007B6180 /* Foundation.framework in Frameworks */,
				5B1594DD16A7569C00FEF299 /* AssetsLibrary.framework in Frameworks */,
				F56C8D131C92523C007B6180 /* ImageIO.framework in Frameworks */,
				F56C8D111C925234007B6180 /* AVFoundation.framework in Frameworks */,
				F56C8D0F1C92522E007B6180 /* AudioToolbox.framework in Frameworks */,
				F56C8D0D1C925225007B6180 /* MapKit.framework in Frameworks */,
				F56C8D0B1C92521D007B6180 /* CoreTelephony.framework in Frameworks */,
				F56C8D091C925212007B6180 /* MessageUI.framework in Frameworks */,
				305D5FD1115AB8F900A74A75 /* MobileCoreServices.framework in Frameworks */,
				F56C8D071C925202007B6180 /* CoreLocation.framework in Frameworks */,
				F56C8D051C9251F9007B6180 /* CoreData.framework in Frameworks */,
				F56C8D031C9251F3007B6180 /* Security.framework in Frameworks */,
				F56C8D011C9251EC007B6180 /* CFNetwork.framework in Frameworks */,
				F56C8CFF1C9251E5007B6180 /* SystemConfiguration.framework in Frameworks */,
				F56C8CFD1C9251DF007B6180 /* OpenGLES.framework in Frameworks */,
				F56C8CFB1C9251D8007B6180 /* QuartzCore.framework in Frameworks */,
				F56C8CF91C9251D0007B6180 /* CoreText.framework in Frameworks */,
				F56C8CF71C9251C5007B6180 /* Accelerate.framework in Frameworks */,
				F56C8CF51C9251BB007B6180 /* AddressBook.framework in Frameworks */,
				F56C8CF31C9251B4007B6180 /* CoreMotion.framework in Frameworks */,
				F56C8CF11C9251AD007B6180 /* CoreMedia.framework in Frameworks */,
				F56C8CEF1C9251A4007B6180 /* AdSupport.framework in Frameworks */,
				301BF552109A68D80062928A /* libCordova.a in Frameworks */,
				288765FD0DF74451002DB57D /* CoreGraphics.framework in Frameworks */,
				305D5FD1115AB8F900A74A75 /* MobileCoreServices.framework in Frameworks */,
			);
			runOnlyForDeploymentPostprocessing = 0;
		};
/* End PBXFrameworksBuildPhase section */

/* Begin PBXGroup section */
		080E96DDFE201D6D7F000001 /* Classes */ = {
			isa = PBXGroup;
			children = (
				953CDD761D4AF8190081DE9A /* PTBase */,
				95B88CF21D5C58D00012F2D5 /* PTModels */,
				95B88C0B1D5C30CE0012F2D5 /* PTGuide */,
				95B88C611D5C3BA40012F2D5 /* PTLogin */,
				95B88C321D5C38230012F2D5 /* PTTabs */,
				95B88C5F1D5C3B1F0012F2D5 /* PTDB */,
				95379C181D4F195D002503B7 /* PTDisplayComponentTableView.h */,
				95379C191D4F195D002503B7 /* PTDisplayComponentTableView.m */,
				302D95EE14D2391D003F00A1 /* MainViewController.h */,
				302D95EF14D2391D003F00A1 /* MainViewController.m */,
				302D95F014D2391D003F00A1 /* MainViewController.xib */,
				1D3623240D0F684500981E51 /* AppDelegate.h */,
				1D3623250D0F684500981E51 /* AppDelegate.m */,
			);
			name = Classes;
			path = CROP/Classes;
			sourceTree = SOURCE_ROOT;
		};
		19C28FACFE9D520D11CA2CBB /* Products */ = {
			isa = PBXGroup;
			children = (
				1D6058910D05DD3D006BFB54 /* CROP.app */,
			);
			name = Products;
			sourceTree = "<group>";
		};
		29B97314FDCFA39411CA2CEA /* CustomTemplate */ = {
			isa = PBXGroup;
			children = (
				F840E1F0165FE0F500CFE078 /* config.xml */,
				301BF56E109A69640062928A /* www */,
				301BF52D109A57CC0062928A /* CordovaLib.xcodeproj */,
				080E96DDFE201D6D7F000001 /* Classes */,
				307C750510C5A3420062BCA9 /* Plugins */,
				29B97315FDCFA39411CA2CEA /* Other Sources */,
				29B97317FDCFA39411CA2CEA /* Resources */,
				29B97323FDCFA39411CA2CEA /* Frameworks */,
				F53EADAD1CC0C46B0062161C /* PastryFramework */,
				19C28FACFE9D520D11CA2CBB /* Products */,
			);
			name = CustomTemplate;
			sourceTree = "<group>";
		};
		29B97315FDCFA39411CA2CEA /* Other Sources */ = {
			isa = PBXGroup;
			children = (
				32CA4F630368D1EE00C91783 /* CROP-Prefix.pch */,
				29B97316FDCFA39411CA2CEA /* main.m */,
			);
			name = "Other Sources";
			path = CROP;
			sourceTree = "<group>";
		};
		29B97317FDCFA39411CA2CEA /* Resources */ = {
			isa = PBXGroup;
			children = (
				95EAD6771D47099D0034DE05 /* Images.xcassets */,
				8D1107310486CEB800E47090 /* CROP-Info.plist */,
				6E54EA78D2EF43458556CD33 /* browserImages.bundle */,
				A28DFC080C2C4C9FB9BBDAA2 /* guideImage.bundle */,
			);
			name = Resources;
			path = CROP/Resources;
			sourceTree = "<group>";
		};
		29B97323FDCFA39411CA2CEA /* Frameworks */ = {
			isa = PBXGroup;
			children = (
				F56C8D201C925288007B6180 /* libicucore.tbd */,
				F56C8D1E1C92527F007B6180 /* libiconv.tbd */,
				F56C8D1C1C925277007B6180 /* libz.tbd */,
				F56C8D1A1C92526F007B6180 /* libxml2.2.tbd */,
				F56C8D181C925266007B6180 /* MediaPlayer.framework */,
				F56C8D161C92525F007B6180 /* UIKit.framework */,
				F56C8D141C92524C007B6180 /* Foundation.framework */,
				F56C8D121C92523C007B6180 /* ImageIO.framework */,
				F56C8D101C925234007B6180 /* AVFoundation.framework */,
				F56C8D0E1C92522E007B6180 /* AudioToolbox.framework */,
				F56C8D0C1C925225007B6180 /* MapKit.framework */,
				F56C8D0A1C92521D007B6180 /* CoreTelephony.framework */,
				F56C8D081C925212007B6180 /* MessageUI.framework */,
				F56C8D061C925202007B6180 /* CoreLocation.framework */,
				F56C8D041C9251F9007B6180 /* CoreData.framework */,
				F56C8D021C9251F3007B6180 /* Security.framework */,
				F56C8D001C9251EB007B6180 /* CFNetwork.framework */,
				F56C8CFE1C9251E5007B6180 /* SystemConfiguration.framework */,
				F56C8CFC1C9251DF007B6180 /* OpenGLES.framework */,
				F56C8CFA1C9251D8007B6180 /* QuartzCore.framework */,
				F56C8CF81C9251D0007B6180 /* CoreText.framework */,
				F56C8CF61C9251C5007B6180 /* Accelerate.framework */,
				F56C8CF41C9251BB007B6180 /* AddressBook.framework */,
				F56C8CF21C9251B4007B6180 /* CoreMotion.framework */,
				F56C8CF01C9251AD007B6180 /* CoreMedia.framework */,
				F56C8CEE1C9251A4007B6180 /* AdSupport.framework */,
				F56C8CDF1C925143007B6180 /* libstdc++.tbd */,
				F56C8CDD1C925138007B6180 /* libsqlite3.0.tbd */,
				5B1594DC16A7569C00FEF299 /* AssetsLibrary.framework */,
				288765FC0DF74451002DB57D /* CoreGraphics.framework */,
				305D5FD0115AB8F900A74A75 /* MobileCoreServices.framework */,
			);
			name = Frameworks;
			sourceTree = "<group>";
		};
		301BF52E109A57CC0062928A /* Products */ = {
			isa = PBXGroup;
			children = (
				301BF535109A57CC0062928A /* libCordova.a */,
			);
			name = Products;
			sourceTree = "<group>";
		};
		307C750510C5A3420062BCA9 /* Plugins */ = {
			isa = PBXGroup;
			children = (
				9F0482D2BE2B4A3EBBFD167F /* CDVLogger.m */,
				518690E0D5824440B0A2D1E1 /* CDVLogger.h */,
				775FD446E7A94BF8B8DF5088 /* PTBrowser.m */,
				BFC8FFDAD71A4635846BB9CE /* PTBrowserContainer.m */,
				AAF09253087F4667853356C4 /* PTWindowPage.m */,
				97B92A20172A43EBB5682722 /* PTWindowPage.xib */,
				8DC45668DC4D4955A831321C /* PTWindowPage+Operation.m */,
				497442E516A64CEA98C75264 /* MoreBrowserViewController.m */,
				07A00A4A64974924AC8FC1E0 /* SecondViewController.m */,
				AA0CC4D602EB4774857BD691 /* SecondViewController.xib */,
				03F9B5645BE84B87BB49C646 /* BrowserViewController.m */,
				953B2B8CEDEC4A8E92F4A807 /* PTBrowserDelegate.h */,
				1BFDCC04F03145AA8F964747 /* PTBrowser.h */,
				0782820AAE2B43E594665508 /* PTBrowserContainer.h */,
				37E25E6A298741BE8731D65D /* PTWindowPage.h */,
				6532906406714FED96D93215 /* PTWindowPage+Operation.h */,
				EE9BB5453F1D48B1942B2947 /* MoreBrowserViewController.h */,
				13C9B68C9E1248B5B028D8AE /* SecondViewController.h */,
				EF4929997717403A999C52FD /* BrowserViewController.h */,
				508385259F2E4F9796A403B8 /* PTRequest.m */,
				BA84924807D243909765A686 /* PTServletRequest.m */,
				85351AA85AE84CD9BB2E0AC5 /* PTRequest.h */,
				BFE1330B450C4F4E8ADBFDF8 /* PTServletRequest.h */,
				43CE17A8735C4A33803660E8 /* PTKeyboards.m */,
				C165137472974607A2DB68A6 /* KeyboardViewController.m */,
				4E5CA192C15F40AAA1499CDA /* KeyboardViewController.xib */,
				81C010695C3B44DF9F9F64B5 /* PTKeyboards.h */,
				4C3D4BF56CCE414095CA72E7 /* KeyboardViewController.h */,
				4EC52C0365334351808C1146 /* PTUnZipViewController.m */,
				98ABFBA7B5E844BA8C50A5EF /* PTUnZipViewController.xib */,
				09635613866D4A05A7A3A882 /* PTUnZipViewController.h */,
				F63A2C48014A4E8AA7704256 /* PTGuideViewController.m */,
				F003CD73E34F406E86927A62 /* PTGuideViewController.xib */,
				92D29347DA064BE58673843B /* PTGuideViewController.h */,
				A9D3A70664DC4374B0E23B20 /* CustomStorage.m */,
				4CBD6FD69B1E45ECA072D868 /* StorageViewController.m */,
				0AECBE2531E749B1BCAF165F /* StorageViewController.xib */,
				F79C9C3C135C4C9381AC0E1B /* CustomStorage.h */,
				DBFBD53159CE46C283B3620C /* StorageViewController.h */,
				54F732FA73F1451EB523BB59 /* AppDelegate+TabMain.m */,
				C1738444A7FE4D16A73905C7 /* MainViewController+TabMain.m */,
				B42394C2E5B54AB9A34405C2 /* AppDelegate+TabMain.h */,
				E8A011863F324AE1AA01D684 /* MainViewController+TabMain.h */,
				5AAAD1E93948433BA858C79F /* PTDB.m */,
				CB7D9348A1574E02BFADBB50 /* PTDB.h */,
			);
			name = Plugins;
			path = CROP/Plugins;
			sourceTree = SOURCE_ROOT;
		};
		95379C0D1D4EEABE002503B7 /* ComponentBase */ = {
			isa = PBXGroup;
			children = (
				95379C0E1D4EEABE002503B7 /* PTComponentManager.h */,
				95379C0F1D4EEABE002503B7 /* PTComponentManager.m */,
			);
			path = ComponentBase;
			sourceTree = "<group>";
		};
		953CDD761D4AF8190081DE9A /* PTBase */ = {
			isa = PBXGroup;
			children = (
				953CDD771D4AF8190081DE9A /* Interface */,
				95379C0D1D4EEABE002503B7 /* ComponentBase */,
				953CDD7A1D4AF8190081DE9A /* ViewControllerBase */,
			);
			path = PTBase;
			sourceTree = "<group>";
		};
		953CDD771D4AF8190081DE9A /* Interface */ = {
			isa = PBXGroup;
			children = (
				953CDD781D4AF8190081DE9A /* PTGuideInterface.h */,
				953CDD791D4AF8190081DE9A /* PTUnzipInterface.h */,
				95379C0C1D4EEAB5002503B7 /* PTComponentInterface.h */,
			);
			path = Interface;
			sourceTree = "<group>";
		};
		953CDD7A1D4AF8190081DE9A /* ViewControllerBase */ = {
			isa = PBXGroup;
			children = (
				953CDD7B1D4AF8190081DE9A /* PTViewControllerBase.h */,
				953CDD7C1D4AF8190081DE9A /* PTViewControllerBase.m */,
			);
			path = ViewControllerBase;
			sourceTree = "<group>";
		};
		95B88C0B1D5C30CE0012F2D5 /* PTGuide */ = {
			isa = PBXGroup;
			children = (
				95B88C121D5C32340012F2D5 /* lib */,
				95B88C0C1D5C31100012F2D5 /* PTGestureUnlockViewController.h */,
				95B88C0D1D5C31100012F2D5 /* PTGestureUnlockViewController.m */,
				95B88C0E1D5C31100012F2D5 /* PTGestureUnlockViewController.xib */,
			);
			path = PTGuide;
			sourceTree = "<group>";
		};
		95B88C121D5C32340012F2D5 /* lib */ = {
			isa = PBXGroup;
			children = (
				95B88C761D5C3E8B0012F2D5 /* gesture */,
			);
			path = lib;
			sourceTree = "<group>";
		};
		95B88C321D5C38230012F2D5 /* PTTabs */ = {
			isa = PBXGroup;
			children = (
				95B88C4F1D5C3ADB0012F2D5 /* Home */,
				95B88C4E1D5C3AD70012F2D5 /* Customer */,
				95B88C4D1D5C3AD10012F2D5 /* Trank */,
				95B88C4C1D5C3ACB0012F2D5 /* Other */,
			);
			path = PTTabs;
			sourceTree = "<group>";
		};
		95B88C4C1D5C3ACB0012F2D5 /* Other */ = {
			isa = PBXGroup;
			children = (
				95B88C711D5C3C5B0012F2D5 /* PTOtherViewController.h */,
				95B88C721D5C3C5B0012F2D5 /* PTOtherViewController.m */,
				95B88C731D5C3C5B0012F2D5 /* PTOtherViewController.xib */,
			);
			path = Other;
			sourceTree = "<group>";
		};
		95B88C4D1D5C3AD10012F2D5 /* Trank */ = {
			isa = PBXGroup;
			children = (
				95B88C6C1D5C3C4C0012F2D5 /* PTTrankViewController.h */,
				95B88C6D1D5C3C4C0012F2D5 /* PTTrankViewController.m */,
				95B88C6E1D5C3C4C0012F2D5 /* PTTrankViewController.xib */,
			);
			path = Trank;
			sourceTree = "<group>";
		};
		95B88C4E1D5C3AD70012F2D5 /* Customer */ = {
			isa = PBXGroup;
			children = (
				95B88C671D5C3C3C0012F2D5 /* PTCustomerViewController.h */,
				95B88C681D5C3C3C0012F2D5 /* PTCustomerViewController.m */,
				95B88C691D5C3C3C0012F2D5 /* PTCustomerViewController.xib */,
			);
			path = Customer;
			sourceTree = "<group>";
		};
		95B88C4F1D5C3ADB0012F2D5 /* Home */ = {
			isa = PBXGroup;
			children = (
				95B88C571D5C3ADB0012F2D5 /* lib */,
				95B88C501D5C3ADB0012F2D5 /* components */,
				95B88C581D5C3ADB0012F2D5 /* PTHomeViewController.h */,
				95B88C591D5C3ADB0012F2D5 /* PTHomeViewController.m */,
				95B88C5A1D5C3ADB0012F2D5 /* PTHomeViewController.xib */,
			);
			path = Home;
			sourceTree = "<group>";
		};
		95B88C501D5C3ADB0012F2D5 /* components */ = {
			isa = PBXGroup;
			children = (
				95B88C511D5C3ADB0012F2D5 /* loopComponent */,
				95B88C541D5C3ADB0012F2D5 /* menuComponent */,
			);
			path = components;
			sourceTree = "<group>";
		};
		95B88C511D5C3ADB0012F2D5 /* loopComponent */ = {
			isa = PBXGroup;
			children = (
				95B88C521D5C3ADB0012F2D5 /* PTLoopComponent.h */,
				95B88C531D5C3ADB0012F2D5 /* PTLoopComponent.m */,
			);
			path = loopComponent;
			sourceTree = "<group>";
		};
		95B88C541D5C3ADB0012F2D5 /* menuComponent */ = {
			isa = PBXGroup;
			children = (
				95B88C551D5C3ADB0012F2D5 /* PTMenuComponent.h */,
				95B88C561D5C3ADB0012F2D5 /* PTMenuComponent.m */,
			);
			path = menuComponent;
			sourceTree = "<group>";
		};
		95B88C571D5C3ADB0012F2D5 /* lib */ = {
			isa = PBXGroup;
			children = (
			);
			path = lib;
			sourceTree = "<group>";
		};
		95B88C5F1D5C3B1F0012F2D5 /* PTDB */ = {
			isa = PBXGroup;
			children = (
				95B88C601D5C3B1F0012F2D5 /* lib */,
			);
			path = PTDB;
			sourceTree = "<group>";
		};
		95B88C601D5C3B1F0012F2D5 /* lib */ = {
			isa = PBXGroup;
			children = (
				95B88CC11D5C4E210012F2D5 /* fmdb-2.6.2 */,
				95B88CD61D5C50CB0012F2D5 /* LKDBHelper-SQLite-ORM-2.3.2 */,
			);
			path = lib;
			sourceTree = "<group>";
		};
		95B88C611D5C3BA40012F2D5 /* PTLogin */ = {
			isa = PBXGroup;
			children = (
				95B88C621D5C3BD40012F2D5 /* PTLoginViewController.h */,
				95B88C631D5C3BD40012F2D5 /* PTLoginViewController.m */,
				95B88C641D5C3BD40012F2D5 /* PTLoginViewController.xib */,
			);
			path = PTLogin;
			sourceTree = "<group>";
		};
		95B88C761D5C3E8B0012F2D5 /* gesture */ = {
			isa = PBXGroup;
			children = (
				95B88C771D5C3E8B0012F2D5 /* Controller */,
				95B88C7E1D5C3E8B0012F2D5 /* FrameWork */,
				95B88C851D5C3E8B0012F2D5 /* Gategory */,
				95B88C881D5C3E8B0012F2D5 /* View */,
			);
			path = gesture;
			sourceTree = "<group>";
		};
		95B88C771D5C3E8B0012F2D5 /* Controller */ = {
			isa = PBXGroup;
			children = (
				95B88C781D5C3E8B0012F2D5 /* GestureVerifyViewController.h */,
				95B88C791D5C3E8B0012F2D5 /* GestureVerifyViewController.m */,
				95B88C7A1D5C3E8B0012F2D5 /* GestureViewController.h */,
				95B88C7B1D5C3E8B0012F2D5 /* GestureViewController.m */,
				95B88C7C1D5C3E8B0012F2D5 /* ViewController.h */,
				95B88C7D1D5C3E8B0012F2D5 /* ViewController.m */,
			);
			path = Controller;
			sourceTree = "<group>";
		};
		95B88C7E1D5C3E8B0012F2D5 /* FrameWork */ = {
			isa = PBXGroup;
			children = (
				95B88C7F1D5C3E8B0012F2D5 /* PCCircle.h */,
				95B88C801D5C3E8B0012F2D5 /* PCCircle.m */,
				95B88C811D5C3E8B0012F2D5 /* PCCircleView.h */,
				95B88C821D5C3E8B0012F2D5 /* PCCircleView.m */,
				95B88C831D5C3E8B0012F2D5 /* PCCircleViewConst.h */,
				95B88C841D5C3E8B0012F2D5 /* PCCircleViewConst.m */,
			);
			path = FrameWork;
			sourceTree = "<group>";
		};
		95B88C851D5C3E8B0012F2D5 /* Gategory */ = {
			isa = PBXGroup;
			children = (
				95B88C861D5C3E8B0012F2D5 /* CALayer+Anim.h */,
				95B88C871D5C3E8B0012F2D5 /* CALayer+Anim.m */,
			);
			path = Gategory;
			sourceTree = "<group>";
		};
		95B88C881D5C3E8B0012F2D5 /* View */ = {
			isa = PBXGroup;
			children = (
				95B88C891D5C3E8B0012F2D5 /* PCCircleInfoView.h */,
				95B88C8A1D5C3E8B0012F2D5 /* PCCircleInfoView.m */,
				95B88C8B1D5C3E8B0012F2D5 /* PCLockLabel.h */,
				95B88C8C1D5C3E8B0012F2D5 /* PCLockLabel.m */,
			);
			path = View;
			sourceTree = "<group>";
		};
		95B88CC11D5C4E210012F2D5 /* fmdb-2.6.2 */ = {
			isa = PBXGroup;
			children = (
				95B88CC21D5C4E210012F2D5 /* src */,
			);
			path = "fmdb-2.6.2";
			sourceTree = "<group>";
		};
		95B88CC21D5C4E210012F2D5 /* src */ = {
			isa = PBXGroup;
			children = (
				95B88CC31D5C4E210012F2D5 /* fmdb */,
			);
			path = src;
			sourceTree = "<group>";
		};
		95B88CC31D5C4E210012F2D5 /* fmdb */ = {
			isa = PBXGroup;
			children = (
				95B88CC41D5C4E210012F2D5 /* FMDatabase.h */,
				95B88CC51D5C4E210012F2D5 /* FMDatabase.m */,
				95B88CC61D5C4E210012F2D5 /* FMDatabaseAdditions.h */,
				95B88CC71D5C4E210012F2D5 /* FMDatabaseAdditions.m */,
				95B88CC81D5C4E210012F2D5 /* FMDatabasePool.h */,
				95B88CC91D5C4E210012F2D5 /* FMDatabasePool.m */,
				95B88CCA1D5C4E210012F2D5 /* FMDatabaseQueue.h */,
				95B88CCB1D5C4E210012F2D5 /* FMDatabaseQueue.m */,
				95B88CCC1D5C4E210012F2D5 /* FMDB.h */,
				95B88CCD1D5C4E210012F2D5 /* FMResultSet.h */,
				95B88CCE1D5C4E210012F2D5 /* FMResultSet.m */,
				95B88CCF1D5C4E210012F2D5 /* Info.plist */,
			);
			path = fmdb;
			sourceTree = "<group>";
		};
		95B88CD61D5C50CB0012F2D5 /* LKDBHelper-SQLite-ORM-2.3.2 */ = {
			isa = PBXGroup;
			children = (
				95B88CD71D5C50CB0012F2D5 /* LKDBHelper */,
			);
			path = "LKDBHelper-SQLite-ORM-2.3.2";
			sourceTree = "<group>";
		};
		95B88CD71D5C50CB0012F2D5 /* LKDBHelper */ = {
			isa = PBXGroup;
			children = (
				95B88CD81D5C50CB0012F2D5 /* Helper */,
			);
			path = LKDBHelper;
			sourceTree = "<group>";
		};
		95B88CD81D5C50CB0012F2D5 /* Helper */ = {
			isa = PBXGroup;
			children = (
				95B88CD91D5C50CB0012F2D5 /* LKDB+Mapping.h */,
				95B88CDA1D5C50CB0012F2D5 /* LKDB+Mapping.m */,
				95B88CDB1D5C50CB0012F2D5 /* LKDBHelper.h */,
				95B88CDC1D5C50CB0012F2D5 /* LKDBHelper.m */,
				95B88CDD1D5C50CB0012F2D5 /* LKDBUtils.h */,
				95B88CDE1D5C50CB0012F2D5 /* LKDBUtils.m */,
				95B88CDF1D5C50CB0012F2D5 /* NSObject+LKDBHelper.h */,
				95B88CE01D5C50CB0012F2D5 /* NSObject+LKDBHelper.m */,
				95B88CE11D5C50CB0012F2D5 /* NSObject+LKModel.h */,
				95B88CE21D5C50CB0012F2D5 /* NSObject+LKModel.m */,
			);
			path = Helper;
			sourceTree = "<group>";
		};
		95B88CF21D5C58D00012F2D5 /* PTModels */ = {
			isa = PBXGroup;
			children = (
				95B88CF31D5C59190012F2D5 /* PTCustomersModel.h */,
				95B88CF41D5C59190012F2D5 /* PTCustomersModel.m */,
			);
			path = PTModels;
			sourceTree = "<group>";
		};
		F53EADAD1CC0C46B0062161C /* PastryFramework */ = {
			isa = PBXGroup;
			children = (
				F53EADAE1CC0C46B0062161C /* data.zip */,
				F53EADC81CC0C46B0062161C /* README.md */,
				F53EADE51CC0C4860062161C /* PastryResources */,
				F53EADC91CC0C46B0062161C /* Reference */,
			);
			name = PastryFramework;
			path = CROP/PastryFramework;
			sourceTree = "<group>";
		};
		F53EADC91CC0C46B0062161C /* Reference */ = {
			isa = PBXGroup;
			children = (
				F53EADCA1CC0C46B0062161C /* PT.framework */,
				F53EADCB1CC0C46B0062161C /* PTResources.bundle */,
				F53EADCC1CC0C46B0062161C /* Settings.bundle */,
			);
			path = Reference;
			sourceTree = "<group>";
		};
/* End PBXGroup section */

/* Begin PBXNativeTarget section */
		1D6058900D05DD3D006BFB54 /* CROP */ = {
			isa = PBXNativeTarget;
			buildConfigurationList = 1D6058960D05DD3E006BFB54 /* Build configuration list for PBXNativeTarget "CROP" */;
			buildPhases = (
				304B58A110DAC018002A0835 /* Copy www directory */,
				1D60588D0D05DD3D006BFB54 /* Resources */,
				1D60588E0D05DD3D006BFB54 /* Sources */,
				1D60588F0D05DD3D006BFB54 /* Frameworks */,
				95EAD6811D4721140034DE05 /* ShellScript */,
			);
			buildRules = (
			);
			dependencies = (
				301BF551109A68C00062928A /* PBXTargetDependency */,
			);
			name = CROP;
			productName = CROP;
			productReference = 1D6058910D05DD3D006BFB54 /* CROP.app */;
			productType = "com.apple.product-type.application";
		};
/* End PBXNativeTarget section */

/* Begin PBXProject section */
		29B97313FDCFA39411CA2CEA /* Project object */ = {
			isa = PBXProject;
			attributes = {
				LastUpgradeCheck = 510;
			};
			buildConfigurationList = C01FCF4E08A954540054247B /* Build configuration list for PBXProject "CROP" */;
			compatibilityVersion = "Xcode 3.2";
			developmentRegion = English;
			hasScannedForEncodings = 1;
			knownRegions = (
				English,
				Japanese,
				French,
				German,
				en,
				es,
				de,
				se,
			);
			mainGroup = 29B97314FDCFA39411CA2CEA /* CustomTemplate */;
			projectDirPath = "";
			projectReferences = (
				{
					ProductGroup = 301BF52E109A57CC0062928A /* Products */;
					ProjectRef = 301BF52D109A57CC0062928A /* CordovaLib.xcodeproj */;
				},
			);
			projectRoot = "";
			targets = (
				1D6058900D05DD3D006BFB54 /* CROP */,
			);
		};
/* End PBXProject section */

/* Begin PBXReferenceProxy section */
		301BF535109A57CC0062928A /* libCordova.a */ = {
			isa = PBXReferenceProxy;
			fileType = archive.ar;
			path = libCordova.a;
			remoteRef = 301BF534109A57CC0062928A /* PBXContainerItemProxy */;
			sourceTree = BUILT_PRODUCTS_DIR;
		};
/* End PBXReferenceProxy section */

/* Begin PBXResourcesBuildPhase section */
		1D60588D0D05DD3D006BFB54 /* Resources */ = {
			isa = PBXResourcesBuildPhase;
			buildActionMask = 2147483647;
			files = (
				95B88C661D5C3BD40012F2D5 /* PTLoginViewController.xib in Resources */,
				302D95F214D2391D003F00A1 /* MainViewController.xib in Resources */,
				95B88C101D5C31100012F2D5 /* PTGestureUnlockViewController.xib in Resources */,
				F53EADE31CC0C46B0062161C /* PTResources.bundle in Resources */,
				95B88C5E1D5C3ADB0012F2D5 /* PTHomeViewController.xib in Resources */,
				95EAD6781D47099D0034DE05 /* Images.xcassets in Resources */,
				F53EADE61CC0C4860062161C /* PastryResources in Resources */,
				95B88C751D5C3C5B0012F2D5 /* PTOtherViewController.xib in Resources */,
				95B88CD51D5C4E210012F2D5 /* Info.plist in Resources */,
				F53EADCD1CC0C46B0062161C /* data.zip in Resources */,
				F53EADE41CC0C46B0062161C /* Settings.bundle in Resources */,
				1E978AF86BEE4F6FBF858E7F /* browserImages.bundle in Resources */,
				95B88C6B1D5C3C3C0012F2D5 /* PTCustomerViewController.xib in Resources */,
				904487A842674DCDA6F17CD0 /* guideImage.bundle in Resources */,
				95B88C701D5C3C4C0012F2D5 /* PTTrankViewController.xib in Resources */,
			);
			runOnlyForDeploymentPostprocessing = 0;
		};
/* End PBXResourcesBuildPhase section */

/* Begin PBXShellScriptBuildPhase section */
		304B58A110DAC018002A0835 /* Copy www directory */ = {
			isa = PBXShellScriptBuildPhase;
			buildActionMask = 2147483647;
			files = (
			);
			inputPaths = (
			);
			name = "Copy www directory";
			outputPaths = (
			);
			runOnlyForDeploymentPostprocessing = 0;
			shellPath = /bin/sh;
			shellScript = "NODEJS_PATH=/usr/local/bin; NVM_NODE_PATH=~/.nvm/versions/node/`nvm version 2>/dev/null`/bin; N_NODE_PATH=`find /usr/local/n/versions/node/* -maxdepth 0 -type d 2>/dev/null | tail -1`/bin; XCODE_NODE_PATH=`xcode-select --print-path`/usr/share/xcs/Node/bin; PATH=$NODEJS_PATH:$NVM_NODE_PATH:$N_NODE_PATH:$XCODE_NODE_PATH:$PATH && node cordova/lib/copy-www-build-step.js";
			showEnvVarsInLog = 0;
		};
		95EAD6811D4721140034DE05 /* ShellScript */ = {
			isa = PBXShellScriptBuildPhase;
			buildActionMask = 2147483647;
			files = (
			);
			inputPaths = (
			);
			outputPaths = (
			);
			runOnlyForDeploymentPostprocessing = 0;
			shellPath = /bin/sh;
			shellScript = "#检查3002端口是否被占用，如果占用输出1，如果没有被占用输入0\npIDa=`/usr/sbin/lsof -i :3002|grep -v \"PID\" | awk '{print $2}'`\necho $pIDa\nif [ \"$pIDa\" != \"\" ];\nthen\necho \"1\"\nelse\necho \"0\"\nopen ../../pastry-fo-nodejs/bin/test-server\nfi";
		};
/* End PBXShellScriptBuildPhase section */

/* Begin PBXSourcesBuildPhase section */
		1D60588E0D05DD3D006BFB54 /* Sources */ = {
			isa = PBXSourcesBuildPhase;
			buildActionMask = 2147483647;
			files = (
				95B88C8F1D5C3E8B0012F2D5 /* ViewController.m in Sources */,
				1D60589B0D05DD56006BFB54 /* main.m in Sources */,
				95B88C931D5C3E8B0012F2D5 /* CALayer+Anim.m in Sources */,
				1D3623260D0F684500981E51 /* AppDelegate.m in Sources */,
				95B88C6F1D5C3C4C0012F2D5 /* PTTrankViewController.m in Sources */,
				F53EADE11CC0C46B0062161C /* README.md in Sources */,
				302D95F114D2391D003F00A1 /* MainViewController.m in Sources */,
				953CDD7D1D4AF8190081DE9A /* PTViewControllerBase.m in Sources */,
				95B88C8E1D5C3E8B0012F2D5 /* GestureViewController.m in Sources */,
				95379C101D4EEABE002503B7 /* PTComponentManager.m in Sources */,
				95B88CD01D5C4E210012F2D5 /* FMDatabase.m in Sources */,
				95379C1A1D4F195D002503B7 /* PTDisplayComponentTableView.m in Sources */,
				95B88CE61D5C50CB0012F2D5 /* NSObject+LKDBHelper.m in Sources */,
				95B88CE51D5C50CB0012F2D5 /* LKDBUtils.m in Sources */,
				95B88CD41D5C4E210012F2D5 /* FMResultSet.m in Sources */,
				EB029EEA44A6483F8FB01C0E /* CDVLogger.m in Sources */,
				95B88C0F1D5C31100012F2D5 /* PTGestureUnlockViewController.m in Sources */,
				4DC65AAE410E47FA9F5B2FB4 /* PTBrowser.m in Sources */,
				32A3B1EA28F44EBBBD74EA5B /* PTBrowserContainer.m in Sources */,
				95B88CD21D5C4E210012F2D5 /* FMDatabasePool.m in Sources */,
				95B88CE71D5C50CC0012F2D5 /* NSObject+LKModel.m in Sources */,
				95B88CD31D5C4E210012F2D5 /* FMDatabaseQueue.m in Sources */,
				E46814458EA246699C6C9434 /* PTWindowPage.m in Sources */,
				5C9F8E716F15416386294AF6 /* PTWindowPage.xib in Sources */,
				84A9C2507B1947CBB1577261 /* PTWindowPage+Operation.m in Sources */,
				2E5AA0D0A03E47CC91802AF5 /* MoreBrowserViewController.m in Sources */,
				95B88C5D1D5C3ADB0012F2D5 /* PTHomeViewController.m in Sources */,
				95B88CF51D5C59190012F2D5 /* PTCustomersModel.m in Sources */,
				95B88C951D5C3E8B0012F2D5 /* PCLockLabel.m in Sources */,
				6641847C1F8C42ACA54F528A /* SecondViewController.m in Sources */,
				B16677E718DF4E2F8E19D71F /* SecondViewController.xib in Sources */,
				2365A846BBB24152A4999549 /* BrowserViewController.m in Sources */,
				832A99F0608E4777B005758D /* PTRequest.m in Sources */,
				95B88C921D5C3E8B0012F2D5 /* PCCircleViewConst.m in Sources */,
				04E3D9A3D5734E108C74F797 /* PTServletRequest.m in Sources */,
				95B88C5C1D5C3ADB0012F2D5 /* PTMenuComponent.m in Sources */,
				95B88CD11D5C4E210012F2D5 /* FMDatabaseAdditions.m in Sources */,
				95B88C6A1D5C3C3C0012F2D5 /* PTCustomerViewController.m in Sources */,
				95B88C651D5C3BD40012F2D5 /* PTLoginViewController.m in Sources */,
				EB3F265F0497460E91E461CB /* PTKeyboards.m in Sources */,
				44BD0918DE64493A81CA4E83 /* KeyboardViewController.m in Sources */,
				95B88C8D1D5C3E8B0012F2D5 /* GestureVerifyViewController.m in Sources */,
				AC35449ADBE04A47A93629C7 /* KeyboardViewController.xib in Sources */,
				1972C91058E2430CB0060987 /* PTUnZipViewController.m in Sources */,
				95B88CE41D5C50CB0012F2D5 /* LKDBHelper.m in Sources */,
				58BE2A0960C1469085061567 /* PTUnZipViewController.xib in Sources */,
				95B88C911D5C3E8B0012F2D5 /* PCCircleView.m in Sources */,
				8538D67A9ABF4734840E9718 /* PTGuideViewController.m in Sources */,
				95B88CE31D5C50CB0012F2D5 /* LKDB+Mapping.m in Sources */,
				95B88C741D5C3C5B0012F2D5 /* PTOtherViewController.m in Sources */,
				E537D9F4E6D2467182C9695B /* PTGuideViewController.xib in Sources */,
				8471B586B6F74783ADE5C1EE /* CustomStorage.m in Sources */,
				52C56CA49C55432896984996 /* StorageViewController.m in Sources */,
				DEB62A38903A4CA8939A0A4C /* StorageViewController.xib in Sources */,
				723BEB02B49D4DF9905D51B8 /* AppDelegate+TabMain.m in Sources */,
				1BD28B26234F4BB5A94C2939 /* MainViewController+TabMain.m in Sources */,
				95B88C5B1D5C3ADB0012F2D5 /* PTLoopComponent.m in Sources */,
				95B88C901D5C3E8B0012F2D5 /* PCCircle.m in Sources */,
				95B88C941D5C3E8B0012F2D5 /* PCCircleInfoView.m in Sources */,
				641ACC5D512C49D4B70F01C7 /* PTDB.m in Sources */,
			);
			runOnlyForDeploymentPostprocessing = 0;
		};
/* End PBXSourcesBuildPhase section */

/* Begin PBXTargetDependency section */
		301BF551109A68C00062928A /* PBXTargetDependency */ = {
			isa = PBXTargetDependency;
			name = CordovaLib;
			targetProxy = 301BF550109A68C00062928A /* PBXContainerItemProxy */;
		};
/* End PBXTargetDependency section */

/* Begin XCBuildConfiguration section */
		1D6058940D05DD3E006BFB54 /* Debug */ = {
			isa = XCBuildConfiguration;
			buildSettings = {
				ALWAYS_SEARCH_USER_PATHS = NO;
				ASSETCATALOG_COMPILER_APPICON_NAME = AppIcon;
				ASSETCATALOG_COMPILER_LAUNCHIMAGE_NAME = LaunchImage;
				CLANG_ENABLE_MODULES = YES;
				CLANG_ENABLE_OBJC_ARC = YES;
				COPY_PHASE_STRIP = NO;
				ENABLE_BITCODE = NO;
				FRAMEWORK_SEARCH_PATHS = (
					"$(inherited)",
					"$(PROJECT_DIR)/CROP/PastryFramework",
					"$(PROJECT_DIR)/CROP/PastryFramework/PastryResources/debug",
					"$(PROJECT_DIR)/CROP/PastryFramework/PastryResources/release",
					"$(PROJECT_DIR)/CROP/PastryFramework/Reference",
				);
				GCC_DYNAMIC_NO_PIC = NO;
				GCC_OPTIMIZATION_LEVEL = 0;
				GCC_PRECOMPILE_PREFIX_HEADER = YES;
				GCC_PREFIX_HEADER = "CROP/CROP-Prefix.pch";
				GCC_THUMB_SUPPORT = NO;
				GCC_VERSION = "";
				HEADER_SEARCH_PATHS = /usr/include/libxml2;
				INFOPLIST_FILE = "CROP/CROP-Info.plist";
				IPHONEOS_DEPLOYMENT_TARGET = 6.0;
				OTHER_LDFLAGS = (
					"-weak_framework",
					CoreFoundation,
					"-weak_framework",
					UIKit,
					"-weak_framework",
					AVFoundation,
					"-weak_framework",
					CoreMedia,
					"-weak-lSystem",
					"-ObjC",
				);
				PRODUCT_NAME = CROP;
				TARGETED_DEVICE_FAMILY = "1,2";
			};
			name = Debug;
		};
		1D6058950D05DD3E006BFB54 /* Release */ = {
			isa = XCBuildConfiguration;
			buildSettings = {
				ALWAYS_SEARCH_USER_PATHS = NO;
				ASSETCATALOG_COMPILER_APPICON_NAME = AppIcon;
				ASSETCATALOG_COMPILER_LAUNCHIMAGE_NAME = LaunchImage;
				CLANG_ENABLE_MODULES = YES;
				CLANG_ENABLE_OBJC_ARC = YES;
				COPY_PHASE_STRIP = YES;
				ENABLE_BITCODE = NO;
				FRAMEWORK_SEARCH_PATHS = (
					"$(inherited)",
					"$(PROJECT_DIR)/CROP/PastryFramework",
					"$(PROJECT_DIR)/CROP/PastryFramework/PastryResources/debug",
					"$(PROJECT_DIR)/CROP/PastryFramework/PastryResources/release",
					"$(PROJECT_DIR)/CROP/PastryFramework/Reference",
				);
				GCC_PRECOMPILE_PREFIX_HEADER = YES;
				GCC_PREFIX_HEADER = "CROP/CROP-Prefix.pch";
				GCC_THUMB_SUPPORT = NO;
				GCC_VERSION = "";
				HEADER_SEARCH_PATHS = /usr/include/libxml2;
				INFOPLIST_FILE = "CROP/CROP-Info.plist";
				IPHONEOS_DEPLOYMENT_TARGET = 6.0;
				OTHER_LDFLAGS = (
					"-weak_framework",
					CoreFoundation,
					"-weak_framework",
					UIKit,
					"-weak_framework",
					AVFoundation,
					"-weak_framework",
					CoreMedia,
					"-weak-lSystem",
					"-ObjC",
				);
				PRODUCT_NAME = CROP;
				TARGETED_DEVICE_FAMILY = "1,2";
			};
			name = Release;
		};
		C01FCF4F08A954540054247B /* Debug */ = {
			isa = XCBuildConfiguration;
			buildSettings = {
				CLANG_ENABLE_OBJC_ARC = YES;
				CLANG_WARN_BOOL_CONVERSION = YES;
				CLANG_WARN_CONSTANT_CONVERSION = YES;
				CLANG_WARN_EMPTY_BODY = YES;
				CLANG_WARN_ENUM_CONVERSION = YES;
				CLANG_WARN_INT_CONVERSION = YES;
				CLANG_WARN__DUPLICATE_METHOD_MATCH = YES;
				"CODE_SIGN_IDENTITY[sdk=iphoneos*]" = "iPhone Developer";
				GCC_C_LANGUAGE_STANDARD = c99;
				GCC_THUMB_SUPPORT = NO;
				GCC_VERSION = "";
				GCC_WARN_ABOUT_RETURN_TYPE = YES;
				GCC_WARN_UNDECLARED_SELECTOR = YES;
				GCC_WARN_UNINITIALIZED_AUTOS = YES;
				GCC_WARN_UNUSED_FUNCTION = YES;
				GCC_WARN_UNUSED_VARIABLE = YES;
				HEADER_SEARCH_PATHS = (
					"\"$(TARGET_BUILD_DIR)/usr/local/lib/include\"",
					"\"$(OBJROOT)/UninstalledProducts/include\"",
					"\"$(BUILT_PRODUCTS_DIR)\"",
				);
				IPHONEOS_DEPLOYMENT_TARGET = 6.0;
				ONLY_ACTIVE_ARCH = YES;
				OTHER_LDFLAGS = (
					"-weak_framework",
					CoreFoundation,
					"-weak_framework",
					UIKit,
					"-weak_framework",
					AVFoundation,
					"-weak_framework",
					CoreMedia,
					"-weak-lSystem",
					"-ObjC",
				);
				SDKROOT = iphoneos;
				SKIP_INSTALL = NO;
				USER_HEADER_SEARCH_PATHS = "";
			};
			name = Debug;
		};
		C01FCF5008A954540054247B /* Release */ = {
			isa = XCBuildConfiguration;
			buildSettings = {
				CLANG_ENABLE_OBJC_ARC = YES;
				CLANG_WARN_BOOL_CONVERSION = YES;
				CLANG_WARN_CONSTANT_CONVERSION = YES;
				CLANG_WARN_EMPTY_BODY = YES;
				CLANG_WARN_ENUM_CONVERSION = YES;
				CLANG_WARN_INT_CONVERSION = YES;
				CLANG_WARN__DUPLICATE_METHOD_MATCH = YES;
				"CODE_SIGN_IDENTITY[sdk=iphoneos*]" = "iPhone Developer";
				GCC_C_LANGUAGE_STANDARD = c99;
				GCC_THUMB_SUPPORT = NO;
				GCC_VERSION = "";
				GCC_WARN_ABOUT_RETURN_TYPE = YES;
				GCC_WARN_UNDECLARED_SELECTOR = YES;
				GCC_WARN_UNINITIALIZED_AUTOS = YES;
				GCC_WARN_UNUSED_FUNCTION = YES;
				GCC_WARN_UNUSED_VARIABLE = YES;
				HEADER_SEARCH_PATHS = (
					"\"$(TARGET_BUILD_DIR)/usr/local/lib/include\"",
					"\"$(OBJROOT)/UninstalledProducts/include\"",
					"\"$(BUILT_PRODUCTS_DIR)\"",
					"\"$(OBJROOT)/UninstalledProducts/$(PLATFORM_NAME)/include\"",
				);
				IPHONEOS_DEPLOYMENT_TARGET = 6.0;
				OTHER_LDFLAGS = (
					"-weak_framework",
					CoreFoundation,
					"-weak_framework",
					UIKit,
					"-weak_framework",
					AVFoundation,
					"-weak_framework",
					CoreMedia,
					"-weak-lSystem",
					"-ObjC",
				);
				SDKROOT = iphoneos;
				SKIP_INSTALL = NO;
				USER_HEADER_SEARCH_PATHS = "";
			};
			name = Release;
		};
/* End XCBuildConfiguration section */

/* Begin XCConfigurationList section */
		1D6058960D05DD3E006BFB54 /* Build configuration list for PBXNativeTarget "CROP" */ = {
			isa = XCConfigurationList;
			buildConfigurations = (
				1D6058940D05DD3E006BFB54 /* Debug */,
				1D6058950D05DD3E006BFB54 /* Release */,
			);
			defaultConfigurationIsVisible = 0;
			defaultConfigurationName = Release;
		};
		C01FCF4E08A954540054247B /* Build configuration list for PBXProject "CROP" */ = {
			isa = XCConfigurationList;
			buildConfigurations = (
				C01FCF4F08A954540054247B /* Debug */,
				C01FCF5008A954540054247B /* Release */,
			);
			defaultConfigurationIsVisible = 0;
			defaultConfigurationName = Release;
		};
/* End XCConfigurationList section */
	};
	rootObject = 29B97313FDCFA39411CA2CEA /* Project object */;
}
